{
  "version": "3",
  "remote": {
    "https://cdn.skypack.dev/-/@faker-js/faker@v7.3.0-7HHEG15D4MeZbwDHGyOf/dist=es2019,mode=imports/optimized/@faker-js/faker.js": "c879b63502e4f993cfcacef9752345a457ff5baedf3e806ee277dc8f02d6839d",
    "https://cdn.skypack.dev/-/@faker-js/faker@v7.3.0-7HHEG15D4MeZbwDHGyOf/dist=es2019,mode=imports/optimized/common/chunk-2VKNZC7Y-2566ac4e.js": "dbdfcb810d34341e8810f0c0fb93e820c4376cc1a27a56fb8b28adc72e45f721",
    "https://cdn.skypack.dev/-/@faker-js/faker@v7.3.0-7HHEG15D4MeZbwDHGyOf/dist=es2019,mode=imports/optimized/common/chunk-3ARABDB6-6fced421.js": "2d846e220c72e618916766a9d9668084fdc4294095e2a7fb2ed182240da18a00",
    "https://cdn.skypack.dev/-/@faker-js/faker@v7.3.0-7HHEG15D4MeZbwDHGyOf/dist=es2019,mode=imports/optimized/common/chunk-3NHNQYQW-927fa1d1.js": "c41d167f6a1849522eaaae571d0299e78e3b557d82f9bff4e189219c1fa9a817",
    "https://cdn.skypack.dev/-/@faker-js/faker@v7.3.0-7HHEG15D4MeZbwDHGyOf/dist=es2019,mode=imports/optimized/common/chunk-3PMH4JLT-1133f425.js": "aa2083992f8472791f0a5f9836ef70f03cf9ca946671a8b9db93d01b48a57c2b",
    "https://cdn.skypack.dev/-/@faker-js/faker@v7.3.0-7HHEG15D4MeZbwDHGyOf/dist=es2019,mode=imports/optimized/common/chunk-446A5SM3-6486acbc.js": "3f74a63197a8e9476a97cce76543a2d61e862570c494a6b119a138f32435f355",
    "https://cdn.skypack.dev/-/@faker-js/faker@v7.3.0-7HHEG15D4MeZbwDHGyOf/dist=es2019,mode=imports/optimized/common/chunk-52L36HHN-ccc7cce4.js": "2146d296c2f705619337bd364ea03cecb3075469d8c8a18f122545827737debf",
    "https://cdn.skypack.dev/-/@faker-js/faker@v7.3.0-7HHEG15D4MeZbwDHGyOf/dist=es2019,mode=imports/optimized/common/chunk-6GIE5PD4-e3aa316b.js": "ca24887424ea6ed5ddbe14cff4277296a06b490fed054c7ce93ae1ba35be851b",
    "https://cdn.skypack.dev/-/@faker-js/faker@v7.3.0-7HHEG15D4MeZbwDHGyOf/dist=es2019,mode=imports/optimized/common/chunk-734TQE3B-617a7ffb.js": "1c8d77903cead2a471d1cadada4bf127a8aa2679bc6ec0cd84cb3c41c65cc169",
    "https://cdn.skypack.dev/-/@faker-js/faker@v7.3.0-7HHEG15D4MeZbwDHGyOf/dist=es2019,mode=imports/optimized/common/chunk-7432OCRF-3849d6e2.js": "4fa3f0e5e5c661ff9308dedb5618cdbd8492581df9d4d573a44be5ceef60ddef",
    "https://cdn.skypack.dev/-/@faker-js/faker@v7.3.0-7HHEG15D4MeZbwDHGyOf/dist=es2019,mode=imports/optimized/common/chunk-7M4JXUUT-ac822143.js": "38b3322abfa722e08803796eeb72a1907d53aa7519d6520feeb69bc0868167e7",
    "https://cdn.skypack.dev/-/@faker-js/faker@v7.3.0-7HHEG15D4MeZbwDHGyOf/dist=es2019,mode=imports/optimized/common/chunk-7VO7SU4X-9d5d5f73.js": "163cee19964bd80fcfc192d2fb7a4b4ff0e5cf644db12eb6b53fc8f248ee67f2",
    "https://cdn.skypack.dev/-/@faker-js/faker@v7.3.0-7HHEG15D4MeZbwDHGyOf/dist=es2019,mode=imports/optimized/common/chunk-AUST2JXB-50a69ae6.js": "25487f09a8cc165905bb0c5de7243eedaff3a9cdbec6434f5e030344fea1f1b9",
    "https://cdn.skypack.dev/-/@faker-js/faker@v7.3.0-7HHEG15D4MeZbwDHGyOf/dist=es2019,mode=imports/optimized/common/chunk-BKLUIBD7-9d608a6a.js": "1ca05a9de81a55de44b81f6ea41c5684141a3b008f2ff31953f61d93d5fb0651",
    "https://cdn.skypack.dev/-/@faker-js/faker@v7.3.0-7HHEG15D4MeZbwDHGyOf/dist=es2019,mode=imports/optimized/common/chunk-BXVIJCB2-032a12bc.js": "d95ae77cf656d90ad341d07dd894ef9bf74ff92e5a4cb199305eeffc659bad47",
    "https://cdn.skypack.dev/-/@faker-js/faker@v7.3.0-7HHEG15D4MeZbwDHGyOf/dist=es2019,mode=imports/optimized/common/chunk-CQY63ECR-1fc1c417.js": "1bb5617b93883871e2de5a55481b904d043c68e9511debf415f71269a58c4d69",
    "https://cdn.skypack.dev/-/@faker-js/faker@v7.3.0-7HHEG15D4MeZbwDHGyOf/dist=es2019,mode=imports/optimized/common/chunk-CXQ7JCCM-5241ff5f.js": "6cbe57c06d85cc543a1d4ae754cd2099f73446602392e8bf4b893948400caf0c",
    "https://cdn.skypack.dev/-/@faker-js/faker@v7.3.0-7HHEG15D4MeZbwDHGyOf/dist=es2019,mode=imports/optimized/common/chunk-DKZCIT54-2d1e1c7e.js": "99fba0c42d8f6c29f4a2276006a7983249b06c33cba2e6355f4132a46052606e",
    "https://cdn.skypack.dev/-/@faker-js/faker@v7.3.0-7HHEG15D4MeZbwDHGyOf/dist=es2019,mode=imports/optimized/common/chunk-ETFC6DOR-fe7a3253.js": "50fd52f54fd2a306a439abc9f6f1a838bd40b3136430f99f1e3729a513ac7c9c",
    "https://cdn.skypack.dev/-/@faker-js/faker@v7.3.0-7HHEG15D4MeZbwDHGyOf/dist=es2019,mode=imports/optimized/common/chunk-F7S236T7-3102241d.js": "933f2e42af15502fb373e378eb92fb7082d66ca47d0c4b2d79f8183deeb785d0",
    "https://cdn.skypack.dev/-/@faker-js/faker@v7.3.0-7HHEG15D4MeZbwDHGyOf/dist=es2019,mode=imports/optimized/common/chunk-FSFITROP-44569005.js": "4ed6cc3488bfb455fff13175e6f620e91713c75803c6ba8a45c9855e8ae6ebaf",
    "https://cdn.skypack.dev/-/@faker-js/faker@v7.3.0-7HHEG15D4MeZbwDHGyOf/dist=es2019,mode=imports/optimized/common/chunk-FUFNXAJQ-0e354bcc.js": "8821491392f848933735826b9f42438ac2f87b1eadc0fe5d68774d38a225f863",
    "https://cdn.skypack.dev/-/@faker-js/faker@v7.3.0-7HHEG15D4MeZbwDHGyOf/dist=es2019,mode=imports/optimized/common/chunk-G3B3NYPL-6ff0d6da.js": "10c6dd84e4cd5f58d0e39270c29cebdbaeb70ca035bdfdcdda04afd5c96e23db",
    "https://cdn.skypack.dev/-/@faker-js/faker@v7.3.0-7HHEG15D4MeZbwDHGyOf/dist=es2019,mode=imports/optimized/common/chunk-GCCSANDC-e5acdbde.js": "de6e69c9c915f98805f9a91940a770280c5a6bb3a2d342fd20c2b22e5f31437e",
    "https://cdn.skypack.dev/-/@faker-js/faker@v7.3.0-7HHEG15D4MeZbwDHGyOf/dist=es2019,mode=imports/optimized/common/chunk-GCRDD34F-178eea29.js": "4ed6caeb54842d968c12fc6082b93abb22bbb028db118b9d95595daa94c6e9ea",
    "https://cdn.skypack.dev/-/@faker-js/faker@v7.3.0-7HHEG15D4MeZbwDHGyOf/dist=es2019,mode=imports/optimized/common/chunk-HMMTBEDO-55c70dc3.js": "825dfa0f15e078b9b55ea81055fea3615f46d12ea0bea0849957136632c38170",
    "https://cdn.skypack.dev/-/@faker-js/faker@v7.3.0-7HHEG15D4MeZbwDHGyOf/dist=es2019,mode=imports/optimized/common/chunk-HPTVFHAE-06153f5f.js": "f96bd60e4088494b098ad5f90e98573aac7a5c3ea62936956b55780b9b34710e",
    "https://cdn.skypack.dev/-/@faker-js/faker@v7.3.0-7HHEG15D4MeZbwDHGyOf/dist=es2019,mode=imports/optimized/common/chunk-I5CF4CM2-2d2704fd.js": "ef84db64e83cc1c7bde038a0812db0ce3c18ee97b02d976bc92429dc5c5257e0",
    "https://cdn.skypack.dev/-/@faker-js/faker@v7.3.0-7HHEG15D4MeZbwDHGyOf/dist=es2019,mode=imports/optimized/common/chunk-IWOGCQZI-06bfc198.js": "317b81d065d6c31b41632d26c88673de5408fe0d34f23cd02575807b9dd2ff4f",
    "https://cdn.skypack.dev/-/@faker-js/faker@v7.3.0-7HHEG15D4MeZbwDHGyOf/dist=es2019,mode=imports/optimized/common/chunk-JTU4IMYH-c37c0c15.js": "95c4ddfcab26e8c3a194d655a06c767f1361daaeaa27eecd8aebfe2c5a6a8bf1",
    "https://cdn.skypack.dev/-/@faker-js/faker@v7.3.0-7HHEG15D4MeZbwDHGyOf/dist=es2019,mode=imports/optimized/common/chunk-KF4H35MX-d0c6118e.js": "1dbdf3eb1f19c3749e535954ea980f5cd0ad167ab524f0901832dfd749f52658",
    "https://cdn.skypack.dev/-/@faker-js/faker@v7.3.0-7HHEG15D4MeZbwDHGyOf/dist=es2019,mode=imports/optimized/common/chunk-KXPRWUZV-622b8785.js": "9c8913831808105b77056b05ef2db9224cb00049ae653141b3cb4b1b2a6996dc",
    "https://cdn.skypack.dev/-/@faker-js/faker@v7.3.0-7HHEG15D4MeZbwDHGyOf/dist=es2019,mode=imports/optimized/common/chunk-LIOP3MLZ-506543c1.js": "f6a610c645317cf79bf9cb1e82e7946d218084427a1205614bf9d4e378b7eb13",
    "https://cdn.skypack.dev/-/@faker-js/faker@v7.3.0-7HHEG15D4MeZbwDHGyOf/dist=es2019,mode=imports/optimized/common/chunk-LLYPBOUH-63e7a980.js": "5b50b3d7e6e9612460ef79b4f15269d66aa2129032b991c635b1f0c13ea76e2b",
    "https://cdn.skypack.dev/-/@faker-js/faker@v7.3.0-7HHEG15D4MeZbwDHGyOf/dist=es2019,mode=imports/optimized/common/chunk-LROQCDNR-11577a5b.js": "4372f519069eab8e5c7428348a3eadc174adcdd271c341676841d571d6410997",
    "https://cdn.skypack.dev/-/@faker-js/faker@v7.3.0-7HHEG15D4MeZbwDHGyOf/dist=es2019,mode=imports/optimized/common/chunk-M32SKGJU-ee3d5e4a.js": "eace5acee85f083bd19453805bf20021797a153c20143b1b8af13895f60aa80a",
    "https://cdn.skypack.dev/-/@faker-js/faker@v7.3.0-7HHEG15D4MeZbwDHGyOf/dist=es2019,mode=imports/optimized/common/chunk-M5XYYP24-ff40eed4.js": "f21670eabe4e72275f1015cc234c06ad6d0d662d26666ded72b2ff148c1685b1",
    "https://cdn.skypack.dev/-/@faker-js/faker@v7.3.0-7HHEG15D4MeZbwDHGyOf/dist=es2019,mode=imports/optimized/common/chunk-MXIALTUO-8d10be00.js": "36e16b3949c3070c88ddd4ff8bce37fed9e2a75c8d7208b5c1a3a6a3023b242b",
    "https://cdn.skypack.dev/-/@faker-js/faker@v7.3.0-7HHEG15D4MeZbwDHGyOf/dist=es2019,mode=imports/optimized/common/chunk-NHTFN6SP-001f77f3.js": "75c65a9cab7f0fd10c6e98e4baca96ded2f6c4e464844ce2d7382342f683d2ae",
    "https://cdn.skypack.dev/-/@faker-js/faker@v7.3.0-7HHEG15D4MeZbwDHGyOf/dist=es2019,mode=imports/optimized/common/chunk-OE3BJWMY-97f1c9a6.js": "e634f5a54334ce1491b6459ee10c1a55346b927e7dc5b552407eed21c969b33a",
    "https://cdn.skypack.dev/-/@faker-js/faker@v7.3.0-7HHEG15D4MeZbwDHGyOf/dist=es2019,mode=imports/optimized/common/chunk-QTV4HWFK-e755f769.js": "f70cd466bd49c218be31dbcf16e5fb45dd5eaab7e4b568c4266b8688dc1114e3",
    "https://cdn.skypack.dev/-/@faker-js/faker@v7.3.0-7HHEG15D4MeZbwDHGyOf/dist=es2019,mode=imports/optimized/common/chunk-RAIC6NHU-be3c85fc.js": "b8a85cb72b9b745965b3ab946dd96732d7f83112c72211e60edf8500edf06786",
    "https://cdn.skypack.dev/-/@faker-js/faker@v7.3.0-7HHEG15D4MeZbwDHGyOf/dist=es2019,mode=imports/optimized/common/chunk-SL6X53RG-876c0d34.js": "8a1763bef188b399e538018c61d6536e35c00a1adb2b17d0c2256f439a743a57",
    "https://cdn.skypack.dev/-/@faker-js/faker@v7.3.0-7HHEG15D4MeZbwDHGyOf/dist=es2019,mode=imports/optimized/common/chunk-SPNBDFMJ-eb2d41aa.js": "974416763e12edd78e318b2fc051acc0dbae03364afa479cf3aa8894a4a27757",
    "https://cdn.skypack.dev/-/@faker-js/faker@v7.3.0-7HHEG15D4MeZbwDHGyOf/dist=es2019,mode=imports/optimized/common/chunk-TKT2MI64-a54b2db7.js": "0746ee73e6895a72ab34690fc3352728542616804b0d79d1dda3f24374c9eed9",
    "https://cdn.skypack.dev/-/@faker-js/faker@v7.3.0-7HHEG15D4MeZbwDHGyOf/dist=es2019,mode=imports/optimized/common/chunk-UCPFQJLO-a9f1993a.js": "997985c4c4c955a7e1dee886fda60dff80953b8c000427cd35222f933fb5477d",
    "https://cdn.skypack.dev/-/@faker-js/faker@v7.3.0-7HHEG15D4MeZbwDHGyOf/dist=es2019,mode=imports/optimized/common/chunk-UZGUB5KK-5168d1d9.js": "8f6bd8c87386f3a907591465302d94bce6d18f03115670046efe8d7bcc41c37e",
    "https://cdn.skypack.dev/-/@faker-js/faker@v7.3.0-7HHEG15D4MeZbwDHGyOf/dist=es2019,mode=imports/optimized/common/chunk-VF54J4XM-19644a22.js": "86412a29c0b8e29c15b55ae78d97c11bde78b9faa5c99125fe4a5f46b765458f",
    "https://cdn.skypack.dev/-/@faker-js/faker@v7.3.0-7HHEG15D4MeZbwDHGyOf/dist=es2019,mode=imports/optimized/common/chunk-VXU6XOFD-7a575567.js": "27ae7341b177fe5ef18dc24c3c6b368419e39ebaa5d07f81953defd9c199348a",
    "https://cdn.skypack.dev/-/@faker-js/faker@v7.3.0-7HHEG15D4MeZbwDHGyOf/dist=es2019,mode=imports/optimized/common/chunk-W45S2P6P-a407b7df.js": "542b4cef39c5a83a5243e589969ba4641df326cd70a72fb330dcc3582f6686ea",
    "https://cdn.skypack.dev/-/@faker-js/faker@v7.3.0-7HHEG15D4MeZbwDHGyOf/dist=es2019,mode=imports/optimized/common/chunk-WEYY3FAI-b604d584.js": "25ce68df19e331f7980644b88f0459420f7f48c5b5935360ea561e86a929e6e6",
    "https://cdn.skypack.dev/-/@faker-js/faker@v7.3.0-7HHEG15D4MeZbwDHGyOf/dist=es2019,mode=imports/optimized/common/chunk-WN2JEJYQ-b52d9dbf.js": "c897fc5580cb0ac7a66ae6f23cbc8bd4df510e7eda1c74d0730602c87ca50958",
    "https://cdn.skypack.dev/-/@faker-js/faker@v7.3.0-7HHEG15D4MeZbwDHGyOf/dist=es2019,mode=imports/optimized/common/chunk-WVOCBSFC-050eeeb5.js": "8f64d0facb4304bdf03d799b3d15ea203ec10a5194ae2702220cd226ec2e9ead",
    "https://cdn.skypack.dev/-/@faker-js/faker@v7.3.0-7HHEG15D4MeZbwDHGyOf/dist=es2019,mode=imports/optimized/common/chunk-WW46KXGA-ee3a33b2.js": "16325e7b236b69da4d6bc627987f2feb59633c99521c708e276b429471177bcc",
    "https://cdn.skypack.dev/-/@faker-js/faker@v7.3.0-7HHEG15D4MeZbwDHGyOf/dist=es2019,mode=imports/optimized/common/chunk-YOKKDIR7-1652e00c.js": "35b4d6ce151421506b85e408f7e2fb1c2d4fbeaaf3f0c175e871596db92c976b",
    "https://cdn.skypack.dev/-/@faker-js/faker@v7.3.0-7HHEG15D4MeZbwDHGyOf/dist=es2019,mode=imports/optimized/common/chunk-YZLELQ2M-8925cb9a.js": "77f196505d57e8f487fe6a056ae879c74068b03c7fe347bd003115ac6be324ff",
    "https://cdn.skypack.dev/-/@faker-js/faker@v7.3.0-7HHEG15D4MeZbwDHGyOf/dist=es2019,mode=imports/optimized/common/chunk-Z5MVEBQ7-0921f7f2.js": "859471fbbaae031d8de039817ff422b380c0a746e400f9ab9ae2b3497148bac9",
    "https://cdn.skypack.dev/-/@faker-js/faker@v7.3.0-7HHEG15D4MeZbwDHGyOf/dist=es2019,mode=imports/optimized/common/chunk-ZKLDM4CS-a3dd3038.js": "7343db3733683f12c28df6b057099bd2229066d1cdebac13bcbf88b97c41af7a",
    "https://cdn.skypack.dev/@faker-js/faker@v7.3.0": "d451af745a3bcb58887c3bb965a20aa161d6116d8d628cd28d99baae0a553b5d",
    "https://deno.land/std@0.144.0/_util/assert.ts": "e94f2eb37cebd7f199952e242c77654e43333c1ac4c5c700e929ea3aa5489f74",
    "https://deno.land/std@0.144.0/_wasm_crypto/lib/deno_std_wasm_crypto.generated.mjs": "c60059ba858232d1a9dcfc944bf2ccb766f640094613ab21e6fcb11ef24a8e49",
    "https://deno.land/std@0.144.0/_wasm_crypto/mod.ts": "6c60d332716147ded0eece0861780678d51b560f533b27db2e15c64a4ef83665",
    "https://deno.land/std@0.144.0/async/deferred.ts": "bc18e28108252c9f67dfca2bbc4587c3cbf3aeb6e155f8c864ca8ecff992b98a",
    "https://deno.land/std@0.144.0/bytes/bytes_list.ts": "aba5e2369e77d426b10af1de0dcc4531acecec27f9b9056f4f7bfbf8ac147ab4",
    "https://deno.land/std@0.144.0/bytes/equals.ts": "3c3558c3ae85526f84510aa2b48ab2ad7bdd899e2e0f5b7a8ffc85acb3a6043a",
    "https://deno.land/std@0.144.0/bytes/mod.ts": "763f97d33051cc3f28af1a688dfe2830841192a9fea0cbaa55f927b49d49d0bf",
    "https://deno.land/std@0.144.0/crypto/_fnv/fnv32.ts": "aa9bddead8c6345087d3abd4ef35fb9655622afc333fc41fff382b36e64280b5",
    "https://deno.land/std@0.144.0/crypto/_fnv/fnv64.ts": "625d7e7505b6cb2e9801b5fd6ed0a89256bac12b2bbb3e4664b85a88b0ec5bef",
    "https://deno.land/std@0.144.0/crypto/_fnv/index.ts": "a8f6a361b4c6d54e5e89c16098f99b6962a1dd6ad1307dbc97fa1ecac5d7060a",
    "https://deno.land/std@0.144.0/crypto/_fnv/util.ts": "4848313bed7f00f55be3cb080aa0583fc007812ba965b03e4009665bde614ce3",
    "https://deno.land/std@0.144.0/crypto/mod.ts": "037fc8712e6a0f4346957c1257e2befe3668c4ec2e89c3278859bfbe3047df76",
    "https://deno.land/std@0.144.0/encoding/base64.ts": "c8c16b4adaa60d7a8eee047c73ece26844435e8f7f1328d74593dbb2dd58ea4f",
    "https://deno.land/std@0.144.0/encoding/hex.ts": "7f023e1e51cfd6b189682e602e8640939e7be71a300a2fcf3daf8f84dc609bbc",
    "https://deno.land/std@0.144.0/fmt/colors.ts": "6f9340b7fb8cc25a993a99e5efc56fe81bb5af284ff412129dd06df06f53c0b4",
    "https://deno.land/std@0.144.0/io/buffer.ts": "bd0c4bf53db4b4be916ca5963e454bddfd3fcd45039041ea161dbf826817822b",
    "https://deno.land/std@0.144.0/io/files.ts": "d199ef64e918a256320ba8d8d44ae91de87c9077df8f8d6cca013f1b9fbbe285",
    "https://deno.land/std@0.144.0/io/mod.ts": "83426d8049476fa080a120115a791152b34afbaf35848271481bb70215aa489f",
    "https://deno.land/std@0.144.0/io/readers.ts": "45847ad404afd2f605eae1cff193f223462bc55eeb9ae313c2f3db28aada0fd6",
    "https://deno.land/std@0.144.0/io/streams.ts": "988a19155b52161f0035ce539e2f1d12edbc4c389fa7633da832a64e6edbe1a0",
    "https://deno.land/std@0.144.0/io/util.ts": "078da53bba767bec0d45f7da44411f6dbf269e51ef7fcfea5e3714e04681c674",
    "https://deno.land/std@0.144.0/io/writers.ts": "3898e3babc1cf4f2bafd9f0fcf1324c25c7ec3675ae43e85b8cba9db28c1e468",
    "https://deno.land/std@0.144.0/streams/conversion.ts": "fc3db02026183da795fa32ac7549868e9f19c75ba029d4b4c3739af62b48517a",
    "https://deno.land/std@0.144.0/testing/_diff.ts": "029a00560b0d534bc0046f1bce4bd36b3b41ada3f2a3178c85686eb2ff5f1413",
    "https://deno.land/std@0.144.0/testing/_format.ts": "0d8dc79eab15b67cdc532826213bbe05bccfd276ca473a50a3fc7bbfb7260642",
    "https://deno.land/std@0.144.0/testing/asserts.ts": "319df43e1e6bba2520508f6090a21a9a640cbe2754d255aee17cd1dfa78c2ff6",
    "https://deno.land/std@0.150.0/media_types/_util.ts": "ce9b4fc4ba1c447dafab619055e20fd88236ca6bdd7834a21f98bd193c3fbfa1",
    "https://deno.land/std@0.150.0/media_types/mod.ts": "2d4b6f32a087029272dc59e0a55ae3cc4d1b27b794ccf528e94b1925795b3118",
    "https://deno.land/std@0.150.0/media_types/vendor/mime-db.v1.52.0.ts": "724cee25fa40f1a52d3937d6b4fbbfdd7791ff55e1b7ac08d9319d5632c7f5af",
    "https://deno.land/std@0.170.0/_util/asserts.ts": "d0844e9b62510f89ce1f9878b046f6a57bf88f208a10304aab50efcb48365272",
    "https://deno.land/std@0.170.0/bytes/copy.ts": "d14a58f188a997ee0d2ba696d0c82a42f4fb4b6705e90a4238b77d7644dae24c",
    "https://deno.land/std@0.170.0/collections/filter_values.ts": "3f19ad44dce3a5e2430c47759d0068d6cef44a186a554da1c28ef27448bf7dfc",
    "https://deno.land/std@0.170.0/collections/without_all.ts": "d0adc99202b5b23d38fc7733410f84ae0b1af5fbf2ca2ce7cf184ffe36b599be",
    "https://deno.land/std@0.170.0/datetime/to_imf.ts": "bdb0704a986a9bb48fba220722b3d4681e4b8c9c162562ee545ef2eb90b6edcd",
    "https://deno.land/std@0.170.0/dotenv/mod.ts": "c6a7804fe59ae566cb2bebc11829f717d840cd498a339131ffeafb9fbbea94e6",
    "https://deno.land/std@0.170.0/fmt/colors.ts": "03ad95e543d2808bc43c17a3dd29d25b43d0f16287fe562a0be89bf632454a12",
    "https://deno.land/std@0.170.0/fs/exists.ts": "6a447912e49eb79cc640adacfbf4b0baf8e17ede6d5bed057062ce33c4fa0d68",
    "https://deno.land/std@0.170.0/http/cookie.ts": "581464551b3d91739f699fbd6a429e6e8701ae252cf295efcda7379e8410d204",
    "https://deno.land/std@0.170.0/io/buf_writer.ts": "b1ee5325cec3386596c67b1c7510bfc7e42b2f505060fe2e9d6536cdefdbb30c",
    "https://deno.land/std@0.170.0/log/handlers.ts": "b79b5eaf8681b17c507d9d0c2de22853507e30d35fe336e306b36498506977b3",
    "https://deno.land/std@0.170.0/log/levels.ts": "3043c0bf69b1de718488feb6e0ded2d64f6aef362fe73f762b506f32b1029ea2",
    "https://deno.land/std@0.170.0/log/logger.ts": "83fb231064a38736fbfd078fe6624e21ed2537733de7baa1cdd749b8c3c9d991",
    "https://deno.land/std@0.170.0/log/mod.ts": "6ff372a706ecef125a9fd455931ae00741d6408562c84cf2fbdc35a2c2a840af",
    "https://deno.land/std@0.170.0/testing/_diff.ts": "a23e7fc2b4d8daa3e158fa06856bedf5334ce2a2831e8bf9e509717f455adb2c",
    "https://deno.land/std@0.170.0/testing/_format.ts": "cd11136e1797791045e639e9f0f4640d5b4166148796cad37e6ef75f7d7f3832",
    "https://deno.land/std@0.170.0/testing/_test_suite.ts": "2d07073d5460a4e3ec50c55ae822cd9bd136926d7363091379947fef9c73c3e4",
    "https://deno.land/std@0.170.0/testing/asserts.ts": "51353e79437361d4b02d8e32f3fc83b22231bc8f8d4c841d86fd32b0b0afe940",
    "https://deno.land/std@0.170.0/testing/bdd.ts": "9c2cd8473968e14fa8fe29f261c607aac0350ab5a63bc4f5650b8d1554372c5f",
    "https://deno.land/x/bcrypt@v0.4.0/mod.ts": "ff09bdae282583cf5f7d87efe37ddcecef7f14f6d12e8b8066a3058db8c6c2f7",
    "https://deno.land/x/bcrypt@v0.4.0/src/bcrypt/base64.ts": "b8266450a4f1eb6960f60f2f7986afc4dde6b45bd2d7ee7ba10789e67e17b9f7",
    "https://deno.land/x/bcrypt@v0.4.0/src/bcrypt/bcrypt.ts": "ec221648cc6453ea5e3803bc817c01157dada06aa6f7a0ba6b9f87aae32b21e2",
    "https://deno.land/x/bcrypt@v0.4.0/src/main.ts": "08d201b289c8d9c46f8839c69cd6625b213863db29775c7a200afc3b540e64f8",
    "https://deno.land/x/hono@v3.10.1/adapter/deno/serve-static.ts": "ba10cf6aaf39da942b0d49c3b9877ddba69d41d414c6551d890beb1085f58eea",
    "https://deno.land/x/hono@v3.10.1/client/client.ts": "ff340f58041203879972dd368b011ed130c66914f789826610869a90603406bf",
    "https://deno.land/x/hono@v3.10.1/client/index.ts": "3ff4cf246f3543f827a85a2c84d66a025ac350ee927613629bda47e854bfb7ba",
    "https://deno.land/x/hono@v3.10.1/client/types.ts": "52c66cbe74540e1811259a48c30622ac915666196eb978092d166435cbc15213",
    "https://deno.land/x/hono@v3.10.1/client/utils.ts": "053273c002963b549d38268a1b423ac8ca211a8028bdab1ed0b781a62aa5e661",
    "https://deno.land/x/hono@v3.10.1/compose.ts": "e8ab4b345aa367f2dd65f221c9fe829dd885326a613f4215b654f93a4066bb5c",
    "https://deno.land/x/hono@v3.10.1/context.ts": "261cc8b8b1e8f04b98beab1cca6692f317b7dc6d2b75b4f84c982e54cf1db730",
    "https://deno.land/x/hono@v3.10.1/helper.ts": "6d7da509bdb47369d1a41f37bdf789d17c452f63df4e2b5c3966be5573f243a8",
    "https://deno.land/x/hono@v3.10.1/helper/adapter/index.ts": "eea9b4caedbfa3a3b4a020bf46c88c0171a00008cd6c10708cd85a3e39d86e62",
    "https://deno.land/x/hono@v3.10.1/helper/cookie/index.ts": "55ccd20bbd8d9a8bb2ecd998e90845c1d306c19027f54b3d1b89a5be35968b80",
    "https://deno.land/x/hono@v3.10.1/helper/factory/index.ts": "455c49b380d74ad924a72fd3c645c25d738295c576b20e7ce3bf95f17db302c1",
    "https://deno.land/x/hono@v3.10.1/helper/html/index.ts": "aba19e8d29f217c7fffa5719cf606c4e259b540d51296e82bbea3c992e2ecbc6",
    "https://deno.land/x/hono@v3.10.1/helper/streaming/index.ts": "90dd4424d8d8271efd602ab7a8fcc0539a1573c98ee03e4c910bc0bbd7d20f27",
    "https://deno.land/x/hono@v3.10.1/helper/testing/index.ts": "bc49c049aa0d6426417e3d1a2f52a471a09edb1fb8610b7545eae1968e7d7874",
    "https://deno.land/x/hono@v3.10.1/hono-base.ts": "cc55e0a4c63a7bdf44df3e804ea4737d5399eeb6606b45d102f8e48c3ff1e925",
    "https://deno.land/x/hono@v3.10.1/hono.ts": "2cc4c292e541463a4d6f83edbcea58048d203e9564ae62ec430a3d466b49a865",
    "https://deno.land/x/hono@v3.10.1/http-exception.ts": "6071df078b5f76d279684d52fe82a590f447a64ffe1b75eb5064d0c8a8d2d676",
    "https://deno.land/x/hono@v3.10.1/jsx/index.ts": "019512d3a9b3897b879e87fa5fb179cd34f3d326f8ff8b93379c2bb707ec168a",
    "https://deno.land/x/hono@v3.10.1/jsx/streaming.ts": "5d03b4d02eaa396c8f0f33c3f6e8c7ed3afb7598283c2d4a7ddea0ada8c212a7",
    "https://deno.land/x/hono@v3.10.1/middleware.ts": "57b2047c4b9d775a052a9c44a3b805802c1d1cb477ab9c4bb6185d27382d1b96",
    "https://deno.land/x/hono@v3.10.1/middleware/basic-auth/index.ts": "5505288ccf9364f56f7be2dfac841543b72e20656e54ac646a1a73a0aa853261",
    "https://deno.land/x/hono@v3.10.1/middleware/bearer-auth/index.ts": "d11fe14e0a3006f6d35c391e455fe20d8ece9561e48b6a5580e4b87dd491cd90",
    "https://deno.land/x/hono@v3.10.1/middleware/cache/index.ts": "9e5d31d33206bb5dba46dde16ed606dd2cb361d75c26b02e02c72bd1fb6fe53e",
    "https://deno.land/x/hono@v3.10.1/middleware/compress/index.ts": "85d315c9a942d7758e5c524dc94b736124646a56752e56c6e4284f3989b4692a",
    "https://deno.land/x/hono@v3.10.1/middleware/cors/index.ts": "d481eba7e05d3448cd326d3dca8b9c7e16ecf0d27a37fd7d700485834123ae5e",
    "https://deno.land/x/hono@v3.10.1/middleware/etag/index.ts": "4ad675e108dc98dccca0e9e35cd903701669a1aea676b8b51266c3b602e4d54c",
    "https://deno.land/x/hono@v3.10.1/middleware/jsx-renderer/index.ts": "5352d6dda872d419ebafbd4d6b408f66ad473fc3d395d82327850c1e786d7344",
    "https://deno.land/x/hono@v3.10.1/middleware/jwt/index.ts": "c6e02a94a3911299d21392b3b1f8710bda7cacf0d60db59c0e2f0d9fa8ff1a70",
    "https://deno.land/x/hono@v3.10.1/middleware/logger/index.ts": "c139f372f482baeffbad68b14bef990e011fe8df578dcee71fb612ffad7fe748",
    "https://deno.land/x/hono@v3.10.1/middleware/powered-by/index.ts": "c36b7a3d1322c6a37f3d1510f7ff04a85aa6cacfac2173e5f1913eb16c3cc869",
    "https://deno.land/x/hono@v3.10.1/middleware/pretty-json/index.ts": "f6967ceecdb42c95ddd5e2e7bc8545d3e8bda111fa659f3f1336b2e6fe6b0bb0",
    "https://deno.land/x/hono@v3.10.1/middleware/secure-headers/index.ts": "d2b8a7978e3d201ead5ac8fd22e3adc9094189aebcba0d9cd51b98773927a5d5",
    "https://deno.land/x/hono@v3.10.1/middleware/timing/index.ts": "d6976a07d9d51a7b26dae1311fe51d0744f7d234498bac3fe024ec7088c0ca47",
    "https://deno.land/x/hono@v3.10.1/mod.ts": "90114a97be9111b348129ad0143e764a64921f60dd03b8f3da529db98a0d3a82",
    "https://deno.land/x/hono@v3.10.1/request.ts": "52330303dd7a3bf4f580fde0463ba608bc4c88a8b7b5edd7c1327064c7cf65ce",
    "https://deno.land/x/hono@v3.10.1/router.ts": "39d573f48baee429810cd583c931dd44274273c30804d538c86967d310ea4ab5",
    "https://deno.land/x/hono@v3.10.1/router/linear-router/index.ts": "8a2a7144c50b1f4a92d9ee99c2c396716af144c868e10608255f969695efccd0",
    "https://deno.land/x/hono@v3.10.1/router/linear-router/router.ts": "bc63e8b5bc1dabc815306d50bebd1bb5877ffa3936ba2ad7550d093c95ee6bd1",
    "https://deno.land/x/hono@v3.10.1/router/pattern-router/index.ts": "304a66c50e243872037ed41c7dd79ed0c89d815e17e172e7ad7cdc4bc07d3383",
    "https://deno.land/x/hono@v3.10.1/router/pattern-router/router.ts": "a9a5a2a182cce8c3ae82139892cc0502be7dd8f579f31e76d0302b19b338e548",
    "https://deno.land/x/hono@v3.10.1/router/reg-exp-router/index.ts": "52755829213941756159b7a963097bafde5cc4fc22b13b1c7c9184dc0512d1db",
    "https://deno.land/x/hono@v3.10.1/router/reg-exp-router/node.ts": "5b3fb80411db04c65df066e69fedb2c8c0844753c2633d703336de84d569252c",
    "https://deno.land/x/hono@v3.10.1/router/reg-exp-router/router.ts": "fbe8917aa24fe25d0208bfa82ce7f49ba0507f9ae158d4d0c177f6a061b0a561",
    "https://deno.land/x/hono@v3.10.1/router/reg-exp-router/trie.ts": "852ce7207e6701e47fa30889a0d2b8bfcd56d8862c97e7bc9831e0a64bd8835f",
    "https://deno.land/x/hono@v3.10.1/router/smart-router/index.ts": "74f9b4fe15ea535900f2b9b048581915f12fe94e531dd2b0032f5610e61c3bef",
    "https://deno.land/x/hono@v3.10.1/router/smart-router/router.ts": "71979c06b32b093960a6e8efc4c185e558f280bff18846b8b1cdc757ade6ff99",
    "https://deno.land/x/hono@v3.10.1/router/trie-router/index.ts": "3eb75e7f71ba81801631b30de6b1f5cefb2c7239c03797e2b2cbab5085911b41",
    "https://deno.land/x/hono@v3.10.1/router/trie-router/node.ts": "3af15fa9c9994a8664a2b7a7c11233504b5bb9d4fcf7bb34cf30d7199052c39f",
    "https://deno.land/x/hono@v3.10.1/router/trie-router/router.ts": "54ced78d35676302c8fcdda4204f7bdf5a7cc907fbf9967c75674b1e394f830d",
    "https://deno.land/x/hono@v3.10.1/types.ts": "edc414a92383f9deb82f5f7a09e95bcf76f6100c23457c27d041986768f5345c",
    "https://deno.land/x/hono@v3.10.1/utils/body.ts": "7a16a6656331a96bcae57642f8d5e3912bd361cbbcc2c0d2157ecc3f218f7a92",
    "https://deno.land/x/hono@v3.10.1/utils/buffer.ts": "9066a973e64498cb262c7e932f47eed525a51677b17f90893862b7279dc0773e",
    "https://deno.land/x/hono@v3.10.1/utils/cookie.ts": "19920ba6756944aae1ad8585c3ddeaa9df479733f59d05359db096f7361e5e4b",
    "https://deno.land/x/hono@v3.10.1/utils/crypto.ts": "bda0e141bbe46d3a4a20f8fbcb6380d473b617123d9fdfa93e4499410b537acc",
    "https://deno.land/x/hono@v3.10.1/utils/encode.ts": "3b7c7d736123b5073542b34321700d4dbf5ff129c138f434bb2144a4d425ee89",
    "https://deno.land/x/hono@v3.10.1/utils/filepath.ts": "18461b055a914d6da85077f453051b516281bb17cf64fa74bf5ef604dc9d2861",
    "https://deno.land/x/hono@v3.10.1/utils/html.ts": "01c1520a4256f899da1954357cf63ae11c348eda141a505f72d7090cf5481aba",
    "https://deno.land/x/hono@v3.10.1/utils/http-status.ts": "e0c4343ea7717c314dc600131e16b636c29d61cfdaf9df93b267258d1729d1a0",
    "https://deno.land/x/hono@v3.10.1/utils/jwt/index.ts": "5e4b82a42eb3603351dfce726cd781ca41cb57437395409d227131aec348d2d5",
    "https://deno.land/x/hono@v3.10.1/utils/jwt/jwt.ts": "02ff7bbf1298ffcc7a40266842f8eac44b6c136453e32d4441e24d0cbfba3a95",
    "https://deno.land/x/hono@v3.10.1/utils/jwt/types.ts": "58ddf908f76ba18d9c62ddfc2d1e40cc2e306bf987409a6169287efa81ce2546",
    "https://deno.land/x/hono@v3.10.1/utils/mime.ts": "0105d2b5e8e91f07acc70f5d06b388313995d62af23c802fcfba251f5a744d95",
    "https://deno.land/x/hono@v3.10.1/utils/stream.ts": "1789dcc73c5b0ede28f83d7d34e47ae432c20e680907cb3275a9c9187f293983",
    "https://deno.land/x/hono@v3.10.1/utils/types.ts": "ddff055e6d35066232efdfbd42c8954e855c04279c27dcd735d929b6b4f319b3",
    "https://deno.land/x/hono@v3.10.1/utils/url.ts": "5fc3307ef3cb2e6f34ec2a03e3d7f2126c6a9f5f0eab677222df3f0e40bd7567",
    "https://deno.land/x/hono@v3.10.1/validator/index.ts": "6c986e8b91dcf857ecc8164a506ae8eea8665792a4ff7215471df669c632ae7c",
    "https://deno.land/x/hono@v3.10.1/validator/validator.ts": "afa5e52495e0996fbba61996736fab5c486590d72d376f809e9f9ff4e0c463e9",
    "https://deno.land/x/mongo@v0.30.1/deps.ts": "3d2f64d173b8e684c15cbe5ea89f9c8a2de420706a549749efc473ad078f5ffd",
    "https://deno.land/x/mongo@v0.30.1/mod.ts": "0989f34d08c40440b8786140abdaf863e964e23df5d1a80e661d3d4170d9d21e",
    "https://deno.land/x/mongo@v0.30.1/src/auth/base.ts": "7fe14cf0a63d6bbc4ba69a000a04b3b184d26842504d94652a6af2d0c9494944",
    "https://deno.land/x/mongo@v0.30.1/src/auth/mod.ts": "b161611bd5be9e9d1b4497227c8ea93ad4daadcd98038c9e5a707bc5da7a25ca",
    "https://deno.land/x/mongo@v0.30.1/src/auth/pbkdf2.ts": "1f1db192fd37869d118ab34780b64567ebcf0ad83a03ef28b3d740cae9adb47a",
    "https://deno.land/x/mongo@v0.30.1/src/auth/scram.ts": "187db02e94e7e5423ec902e87d6839028770dca57830dca7f154dcd22a959c0f",
    "https://deno.land/x/mongo@v0.30.1/src/auth/x509.ts": "a75b27c549707dd441434ae400a3e6a24da7fe7d4e0e80c9bb79dfc6426b651e",
    "https://deno.land/x/mongo@v0.30.1/src/client.ts": "4d6113c76192f97848e1e859e911fee5cfa30b173b60861a40e08430eb87bf55",
    "https://deno.land/x/mongo@v0.30.1/src/cluster.ts": "cff69bf284a5c7fcaff231494f1ab56ca652e725e58622723e402fbb61448d0e",
    "https://deno.land/x/mongo@v0.30.1/src/collection/collection.ts": "b8227c276633d2e6425736d5f5c5d5411deed3bc7bf2fccf36e39d609d5b1cb5",
    "https://deno.land/x/mongo@v0.30.1/src/collection/commands/aggregate.ts": "440906a670adb46edb36fd95573ffa83f192775108b621520be992165910e895",
    "https://deno.land/x/mongo@v0.30.1/src/collection/commands/find.ts": "5c3b750d8c82ce08d865a381bc71f600406cbc4912c4aa689238755579fb71f8",
    "https://deno.land/x/mongo@v0.30.1/src/collection/commands/list_indexes.ts": "d32a5120305d0547497026b4f5ab2ecc2f40ff7f44c405b99c2a0287765333f5",
    "https://deno.land/x/mongo@v0.30.1/src/collection/commands/update.ts": "cf352108a5dd34f0928c2196a432383d366b8ed292676c71358b9ecf1289418d",
    "https://deno.land/x/mongo@v0.30.1/src/collection/mod.ts": "bd791a0b9b46be4365f88c54893584eadec2f8cd799db9eb05e0b5b4c8d72b8e",
    "https://deno.land/x/mongo@v0.30.1/src/database.ts": "cdf362e2bdc380252393e08f70ddef109be15e7143df1a43c78630d50006e524",
    "https://deno.land/x/mongo@v0.30.1/src/error.ts": "8180a822b0831a94a6a28815865b5b40e3996220684bea60fcb81b272ddd06eb",
    "https://deno.land/x/mongo@v0.30.1/src/gridfs/bucket.ts": "a4452d63f6928f57486a214a499b54b80b98cc0d13e3d85a6841b34d5ff12a61",
    "https://deno.land/x/mongo@v0.30.1/src/gridfs/indexes.ts": "dd1cf956380f716b9192e9d4d819c0d856b42bed99275056a336cc3ef17f34e2",
    "https://deno.land/x/mongo@v0.30.1/src/gridfs/upload.ts": "6a54a21b00c6f22ad0da6ceef7a2932dc600560f594c2551abd8e4a64976abae",
    "https://deno.land/x/mongo@v0.30.1/src/protocol/cursor.ts": "c370a28856fa236129cc2d7abf7ebc4ac6cdd60acb93e0e7371433f7332394cb",
    "https://deno.land/x/mongo@v0.30.1/src/protocol/handshake.ts": "3c3ba547d5322751b9756ce9a4750f3cf18febee0a64edca5b007634bd80e0fe",
    "https://deno.land/x/mongo@v0.30.1/src/protocol/header.ts": "0f28db842f886e57b7013606c1391affab2e2960a1a4568d2502e7b788117716",
    "https://deno.land/x/mongo@v0.30.1/src/protocol/message.ts": "b1121b98420c9a44783619c7a0b2f7bb2cb305dfc64adc3e6a9b7781f4d35a3a",
    "https://deno.land/x/mongo@v0.30.1/src/protocol/mod.ts": "4e24d563049c0a236234598ca786ca13778dc17fdb80ac543ac6c75d0c5094d7",
    "https://deno.land/x/mongo@v0.30.1/src/protocol/protocol.ts": "92568dd86e6ef3f54054113d9f5620f158fc1dfee2a7c9d13623975835d5996a",
    "https://deno.land/x/mongo@v0.30.1/src/types.ts": "aae7d0053341d26a802de9ac26a5209a67f53052bc2c13fae018396867590d4c",
    "https://deno.land/x/mongo@v0.30.1/src/types/geojson.ts": "14690e2fa1591939253ddc9de181b0664051e9462db131b72be5fb9d064dff44",
    "https://deno.land/x/mongo@v0.30.1/src/types/geospatial.ts": "c73ee13536365fa5d868b65ab47b3488a5f223a67e1e059761886f750db70ef9",
    "https://deno.land/x/mongo@v0.30.1/src/types/gridfs.ts": "e1fd12c3ca58d437267e7a8557d745d23b9d8916d1da34c1847e5e373728dfa0",
    "https://deno.land/x/mongo@v0.30.1/src/types/read_write_concern.ts": "d00f35eb85520e776741888685d08d479766a19e9a0a970b53f4594c9db00496",
    "https://deno.land/x/mongo@v0.30.1/src/utils/ns.ts": "fb0c57b8dc4d31f8993112d267dec3c163d3e8862198d1cd03b2b51bcc3caad9",
    "https://deno.land/x/mongo@v0.30.1/src/utils/saslprep/deps.ts": "95ceb81b353110526dacf2a98854bc79d6e17d7f173af8806e91c05555d7b8c7",
    "https://deno.land/x/mongo@v0.30.1/src/utils/saslprep/load_code_points.ts": "f6a4ef2eb2345eac40ffbf1a30661cca803f399865f2a0fadafb71f57d4c97bf",
    "https://deno.land/x/mongo@v0.30.1/src/utils/saslprep/memory_pager.ts": "f55a79a13ec569c21630c3915a9af0c6fc0aa2b899121fa2a85a813c6dd4afba",
    "https://deno.land/x/mongo@v0.30.1/src/utils/saslprep/mod.ts": "0a8a39a0784d065a79c54ce63d7d7b103d0b94addc5b7bcf985517ba2442c8a1",
    "https://deno.land/x/mongo@v0.30.1/src/utils/saslprep/sparse_bitfield.ts": "07d6fe2ecd4ba5f711c44c1ae409bb9c1fe3a3cfc09e27434d231d4aae46dd2d",
    "https://deno.land/x/mongo@v0.30.1/src/utils/srv.ts": "09c207069ea6fec02ddcd77c797171e556771dd940eb190a95cf4c7138e87baa",
    "https://deno.land/x/mongo@v0.30.1/src/utils/uri.ts": "dcfab8e1dcfcc875c75ada1d9f366664480c03b65594990d6342ed88925452e5",
    "https://deno.land/x/web_bson@v0.2.3/deps.ts": "d0b62cc7b488726b41576e2826ff5d387b58e395639f3c66bc732791ae777dcd",
    "https://deno.land/x/web_bson@v0.2.3/mod.ts": "a2b58ed2e1748e6faa56fbe6caf0e1937f4e77de15376cad920aea655b17bcf3",
    "https://deno.land/x/web_bson@v0.2.3/src/binary.ts": "2bd89fca666d06b12e4da7ae2aae2b87e495666e002011ceef4fd3e228ea3018",
    "https://deno.land/x/web_bson@v0.2.3/src/bson.ts": "608b1b8e1b9a2abcb2d3b601b63e2731608a2ee0941e801a08c1328a37ff0751",
    "https://deno.land/x/web_bson@v0.2.3/src/code.ts": "ad713ab49d2c9028fa798630ccdf345a9a2fbaa468c9bd0c3df3f411c3679bd1",
    "https://deno.land/x/web_bson@v0.2.3/src/constants.ts": "906fb45165e2df04332ffeb6a407b39d257b76ad64667ecfe4848bfc64934a5e",
    "https://deno.land/x/web_bson@v0.2.3/src/db_ref.ts": "2b29a4b74fde79d25322f31f8b98a908270468fa84af7ebd72c1e45b436b9fe2",
    "https://deno.land/x/web_bson@v0.2.3/src/decimal128.ts": "f0377c29b255ec423d4b491675dfb83410d5e92a9fcca9bcd63bfd757489b05d",
    "https://deno.land/x/web_bson@v0.2.3/src/double.ts": "9df7baf7cdb2d8ef50a141a373c755cabebeb5a5da6c2f551e5377064ccf2aa9",
    "https://deno.land/x/web_bson@v0.2.3/src/error.ts": "d7aa0d57de5c6dc137402fc97219b6e136fc2dcddef90f031bdeb52181cc5275",
    "https://deno.land/x/web_bson@v0.2.3/src/extended_json.ts": "98f57fba581712e49060ed5d495c3d1b8be557dc61b11588ba79882faad4b289",
    "https://deno.land/x/web_bson@v0.2.3/src/float_parser.ts": "bffe91eae89d9d177a88d795981681ecf05850facfb92da93901576a268235cd",
    "https://deno.land/x/web_bson@v0.2.3/src/int_32.ts": "8ac60fd82c34b62645f60b2eb45238391a3e0994980dced75b31f97058cbb3b4",
    "https://deno.land/x/web_bson@v0.2.3/src/long.ts": "efffd2eb49afd7161452f8f3533d46aad78c9af6b07f6474c8c937a1b53c5d19",
    "https://deno.land/x/web_bson@v0.2.3/src/max_key.ts": "8016a701657be73fd4d3b80c746084ba18322bb39bdc4e78e35f0e2f21be2a70",
    "https://deno.land/x/web_bson@v0.2.3/src/min_key.ts": "19691f520868996bd2fc96bf26037badf6d32f8702c035e0d8531b549ef9854c",
    "https://deno.land/x/web_bson@v0.2.3/src/objectid.ts": "afc51f3bf9d566fa474c96a8ec0362951ff962a4b8c7ecde51e4537fe95be089",
    "https://deno.land/x/web_bson@v0.2.3/src/parser/calculate_size.ts": "ca1e81c793860c9200a3c6cfec220539524f81acca0d76738426bbf8ef857950",
    "https://deno.land/x/web_bson@v0.2.3/src/parser/deserializer.ts": "40d154d44f80250dfef0121c1c1a997220a38d08c0fc369247f573ef83649802",
    "https://deno.land/x/web_bson@v0.2.3/src/parser/serializer.ts": "fdea917596143694eda0059b0f72fdbe72ade0591c6ba4b4e8f82958ab35c37d",
    "https://deno.land/x/web_bson@v0.2.3/src/parser/utils.ts": "7bfe19aaf71164d8326f82c1e01dabe6140c18939f4bd8961380495a7c76f57f",
    "https://deno.land/x/web_bson@v0.2.3/src/regexp.ts": "1e287a7ada20a0a4b625bf3c191295db149bfefac6beb707fe52d0232c612265",
    "https://deno.land/x/web_bson@v0.2.3/src/symbol.ts": "b727698ed367d426b32f068c067ccd43a458347589715dd329b82caf10b9cf32",
    "https://deno.land/x/web_bson@v0.2.3/src/timestamp.ts": "49bba69e2a26cfea5870b69c739cbfce64814b21682ed3161105737f3d97ef66",
    "https://deno.land/x/web_bson@v0.2.3/src/uuid.ts": "c8c51a946dc8c1d6a15370d50de2247f4fbf69ce1c413ae29c8e211738ec0efc",
    "https://deno.land/x/web_bson@v0.2.3/src/uuid_utils.ts": "322cbea409a32cfdbffcae854b91bb30b80730741e032b98f5d6868ad63bc07d",
    "https://deno.land/x/web_bson@v0.2.3/src/validate_utf8.ts": "b7f4d723c379fb66aa84e148bb59f78f4e1c96847e28c38ee7f9f3bf35703ae4",
    "https://deno.land/x/web_bson@v0.2.3/utils.ts": "4c51c0be4bbb77c1e547eeef9b5aa53ffa611f628684875375103f627649ceb1",
    "https://deno.land/x/xhr@0.3.0/mod.ts": "094aacd627fd9635cd942053bf8032b5223b909858fa9dc8ffa583752ff63b20",
    "https://deno.land/x/zod@v3.18.0/ZodError.ts": "8a5272bdd5e7ac8194a3ddb5a12ab21e036275e28905d9469b16965335f4af19",
    "https://deno.land/x/zod@v3.18.0/external.ts": "6f79b9f9cd6a8ba8dce13bce680e2875995dff3849b6ed1c184cf53ef26df954",
    "https://deno.land/x/zod@v3.18.0/helpers/enumUtil.ts": "54efc393cc9860e687d8b81ff52e980def00fa67377ad0bf8b3104f8a5bf698c",
    "https://deno.land/x/zod@v3.18.0/helpers/errorUtil.ts": "7a77328240be7b847af6de9189963bd9f79cab32bbc61502a9db4fe6683e2ea7",
    "https://deno.land/x/zod@v3.18.0/helpers/parseUtil.ts": "bc678327682dbd98a989fdf7dd14905791c7bbc0e7794e13140bc308a3c47387",
    "https://deno.land/x/zod@v3.18.0/helpers/partialUtil.ts": "8dc921a02b47384cf52217c7e539268daf619f89319b75bdf13ea178815725df",
    "https://deno.land/x/zod@v3.18.0/helpers/typeAliases.ts": "a1a8d039eb98925f242f5ea1e21e6d3cabd7f05e9747680165c914695c979b4f",
    "https://deno.land/x/zod@v3.18.0/helpers/util.ts": "6aebafcfdb8cade67ee0c4e72082e3a2758f1f6aa9bcce1b62e33f5e68e1982f",
    "https://deno.land/x/zod@v3.18.0/index.ts": "035a7422d9f2be54daa0fe464254b69225b443000673e4794095d672471e8792",
    "https://deno.land/x/zod@v3.18.0/mod.ts": "64e55237cb4410e17d968cd08975566059f27638ebb0b86048031b987ba251c4",
    "https://deno.land/x/zod@v3.18.0/types.ts": "f15cf4d03176c0987a6b5d3589ccee35e73b7947f33f5ab93f1be27b3a51517e",
    "https://esm.sh/@supabase/supabase-js@2.5.0": "5973a7301f5bad6917b102ae78f7cd21cebc2a0e08a57924d29c991d6b7c17d4",
    "https://esm.sh/v135/@supabase/functions-js@2.1.5/denonext/functions-js.mjs": "739affd2df20c1affd91991c3731c2537d270b82be5cdbd926c43be40eb2fdc5",
    "https://esm.sh/v135/@supabase/gotrue-js@2.57.0/denonext/gotrue-js.mjs": "a4e6768643628fc5445683f4f58090ea5b65c51c3abb165dc0a385cf8eae2121",
    "https://esm.sh/v135/@supabase/node-fetch@2.6.14/denonext/node-fetch.mjs": "23a71af3512da67a8757ab1e2356fa22565758444ea1fc08e0de0e8d4625e8aa",
    "https://esm.sh/v135/@supabase/postgrest-js@1.9.0/denonext/postgrest-js.mjs": "e6239e65dca3c73527af617ee406934dc509a33e4082a9da9c3aa6c430519cdf",
    "https://esm.sh/v135/@supabase/realtime-js@2.8.4/denonext/realtime-js.mjs": "9f8af6f82b095b1b1d336a92c4ff8519a5b7f783a1e09eab005114b983cafd5d",
    "https://esm.sh/v135/@supabase/storage-js@2.5.4/denonext/storage-js.mjs": "dff68679fb795ec7e157b8f51cb0b8c544d6c3d57ecc093f5b15eb909439efcd",
    "https://esm.sh/v135/@supabase/supabase-js@2.5.0/denonext/supabase-js.mjs": "b18b353e706df1f7ad60d4e208be523df061f595cca764a17c548b48aabe3f5b",
    "https://esm.sh/v135/cross-fetch@3.1.8/denonext/cross-fetch.mjs": "8fba9e7c3fbaf0d2168beb63ce0cd21b5bfbfbd77e2fcbf8d957d533a71222f6",
    "https://esm.sh/v135/es5-ext@0.10.62/denonext/global.js": "2f51d9acef1f761faaa542da919b3c747744ea29fe709d0a904fd531716a93d6",
    "https://esm.sh/v135/websocket@1.0.34/denonext/websocket.mjs": "dfe5d62007e9f7430d561e2376fe47caa9d04cb016d83d3386fcc2206a90296b"
  }
}
