{
  "version": "3",
  "remote": {
    "https://cdn.skypack.dev/-/@faker-js/faker@v8.3.1-KmeBI49q3ZSjzTA6zzqo/dist=es2019,mode=imports/optimized/@faker-js/faker.js": "7a5cfc11521cfa5cf07f9ee56fd5f528542b0680007663c647a36107976eff1d",
    "https://cdn.skypack.dev/-/@faker-js/faker@v8.3.1-KmeBI49q3ZSjzTA6zzqo/dist=es2019,mode=imports/optimized/common/chunk-2FKWA5FP-904f2f82.js": "a6faef93dc74636cb94681be0c86e4886ee2d7251f237a548749e354e7eecf6e",
    "https://cdn.skypack.dev/-/@faker-js/faker@v8.3.1-KmeBI49q3ZSjzTA6zzqo/dist=es2019,mode=imports/optimized/common/chunk-33BBRIZX-0bede9ce.js": "4532cc9edbe03d37062a8a27df1589ffabd55f1eaee1d04a4af646c1d535f1fb",
    "https://cdn.skypack.dev/-/@faker-js/faker@v8.3.1-KmeBI49q3ZSjzTA6zzqo/dist=es2019,mode=imports/optimized/common/chunk-42EHXLV2-f1fce7e4.js": "b22bd09b12cc255fb92def81d9bd3ad97aa8352df2c7f4d4090243eab9dc1db7",
    "https://cdn.skypack.dev/-/@faker-js/faker@v8.3.1-KmeBI49q3ZSjzTA6zzqo/dist=es2019,mode=imports/optimized/common/chunk-45LLD3TE-70354e22.js": "299e319c75133ffecd310b4753140b063b7e7836926e416e9fa9cdb835799289",
    "https://cdn.skypack.dev/-/@faker-js/faker@v8.3.1-KmeBI49q3ZSjzTA6zzqo/dist=es2019,mode=imports/optimized/common/chunk-4M2M7JVR-a8b02321.js": "6fdd1025eeb392ec9929ba616a1dbeb02facbfd2a51406810833b11fe5dc0839",
    "https://cdn.skypack.dev/-/@faker-js/faker@v8.3.1-KmeBI49q3ZSjzTA6zzqo/dist=es2019,mode=imports/optimized/common/chunk-4Z4TY6SU-40f07faf.js": "cd897fc971ecbbbc3c646f5361346fe6a2aa1d4c5ccfbc827317cee2a0bd716f",
    "https://cdn.skypack.dev/-/@faker-js/faker@v8.3.1-KmeBI49q3ZSjzTA6zzqo/dist=es2019,mode=imports/optimized/common/chunk-5LTMIXMU-6163950d.js": "be362e7146cd3e83909a3df64064c05e5014acae1d19c172b894ac8b3f443946",
    "https://cdn.skypack.dev/-/@faker-js/faker@v8.3.1-KmeBI49q3ZSjzTA6zzqo/dist=es2019,mode=imports/optimized/common/chunk-5R5AEDBT-497eb15d.js": "2673eb6aca1646b79fc40ff4bca6fa8b07a6a53737170d27213fb07c9356f72b",
    "https://cdn.skypack.dev/-/@faker-js/faker@v8.3.1-KmeBI49q3ZSjzTA6zzqo/dist=es2019,mode=imports/optimized/common/chunk-5XITJFQH-70358547.js": "8e2b8c23fd4dfd54e9c1e9fb3e17ddcf6f6eefa798e53fccbf7918a026e715e0",
    "https://cdn.skypack.dev/-/@faker-js/faker@v8.3.1-KmeBI49q3ZSjzTA6zzqo/dist=es2019,mode=imports/optimized/common/chunk-6CIWVSIX-9e0ec63e.js": "abeb5f29de25d4038ed49f51bf750dbaa9c2ada426393036d914daa36757f207",
    "https://cdn.skypack.dev/-/@faker-js/faker@v8.3.1-KmeBI49q3ZSjzTA6zzqo/dist=es2019,mode=imports/optimized/common/chunk-75Z76TVQ-08529f1a.js": "7d718aad5dea2023aae30990492a9b68f32a5b6b0ba7b4115cdb39ccb0e12c96",
    "https://cdn.skypack.dev/-/@faker-js/faker@v8.3.1-KmeBI49q3ZSjzTA6zzqo/dist=es2019,mode=imports/optimized/common/chunk-7PF4WSNJ-e339bd01.js": "07b18aaace4505d3db187c368f2c0c19bcc0ef7652faa94321023cc5715fe7b8",
    "https://cdn.skypack.dev/-/@faker-js/faker@v8.3.1-KmeBI49q3ZSjzTA6zzqo/dist=es2019,mode=imports/optimized/common/chunk-A33CPV2N-d9c24894.js": "4aee94881836a146d75860a84ecc0a0325d9241a32efbb1558ee31918aa776a8",
    "https://cdn.skypack.dev/-/@faker-js/faker@v8.3.1-KmeBI49q3ZSjzTA6zzqo/dist=es2019,mode=imports/optimized/common/chunk-AY6RXH2S-b6d54ae8.js": "50ac35f8b067b66deb673aeddca35dd090163dd1e88a1dc556ef2cb46586900e",
    "https://cdn.skypack.dev/-/@faker-js/faker@v8.3.1-KmeBI49q3ZSjzTA6zzqo/dist=es2019,mode=imports/optimized/common/chunk-BHCZBY5I-e001a0d9.js": "5bda3df0ae725ad9a1878def98b4747c844d83400451ac8f43fbe1418f3e8556",
    "https://cdn.skypack.dev/-/@faker-js/faker@v8.3.1-KmeBI49q3ZSjzTA6zzqo/dist=es2019,mode=imports/optimized/common/chunk-CIMFR2UT-18521efd.js": "3c65b9aa6e36e864606dc37989cb17dd7d6a7ce9355482c1a36b462020258392",
    "https://cdn.skypack.dev/-/@faker-js/faker@v8.3.1-KmeBI49q3ZSjzTA6zzqo/dist=es2019,mode=imports/optimized/common/chunk-CLDZZU3E-ff15f96c.js": "cd5f77fef76ab293a93b11a40af5300ac0b2b4bc17cddc403424ea926c1b0745",
    "https://cdn.skypack.dev/-/@faker-js/faker@v8.3.1-KmeBI49q3ZSjzTA6zzqo/dist=es2019,mode=imports/optimized/common/chunk-CQWOA7VP-e40669f3.js": "f9b67317d47e50c35692331bbb4c66dbbb060333732674c074aa390143a00374",
    "https://cdn.skypack.dev/-/@faker-js/faker@v8.3.1-KmeBI49q3ZSjzTA6zzqo/dist=es2019,mode=imports/optimized/common/chunk-CTNGPFUL-ca28c671.js": "e6fb8095c568cf95c35dad33b4fde07e309283115a314bd1e764529c6294f0f2",
    "https://cdn.skypack.dev/-/@faker-js/faker@v8.3.1-KmeBI49q3ZSjzTA6zzqo/dist=es2019,mode=imports/optimized/common/chunk-DLLU2W42-cb2549ba.js": "197b97ae06796b232bf2ddace883f679685db88075494b29fa60d5cbd1d65161",
    "https://cdn.skypack.dev/-/@faker-js/faker@v8.3.1-KmeBI49q3ZSjzTA6zzqo/dist=es2019,mode=imports/optimized/common/chunk-E22NGLL6-037c318b.js": "93a26564875c4dd45ff6ee0113f9b6f4197296abfe681ea34d5f433a85d268e5",
    "https://cdn.skypack.dev/-/@faker-js/faker@v8.3.1-KmeBI49q3ZSjzTA6zzqo/dist=es2019,mode=imports/optimized/common/chunk-EGJ2TIBF-e13349b9.js": "7aee797c19e593ab5bbe2e06976a589f3ee2c9ddfe86b18fa6d4ab21043a074c",
    "https://cdn.skypack.dev/-/@faker-js/faker@v8.3.1-KmeBI49q3ZSjzTA6zzqo/dist=es2019,mode=imports/optimized/common/chunk-EMKL6VZL-45cbe9d9.js": "27f5e673dbf7c46848825fb88c289de1dcd5027da4e28ba056f597ca748f6172",
    "https://cdn.skypack.dev/-/@faker-js/faker@v8.3.1-KmeBI49q3ZSjzTA6zzqo/dist=es2019,mode=imports/optimized/common/chunk-FCX3CVZQ-5b3b069d.js": "065f69750b90e247fdddcd27c9b34caf54cc9afd137a64605da3e2dd492a8679",
    "https://cdn.skypack.dev/-/@faker-js/faker@v8.3.1-KmeBI49q3ZSjzTA6zzqo/dist=es2019,mode=imports/optimized/common/chunk-FLBQMQLL-96078450.js": "c104786b66088a60be1d93041e18ec335040ee088d897e3fb6715538a52022f5",
    "https://cdn.skypack.dev/-/@faker-js/faker@v8.3.1-KmeBI49q3ZSjzTA6zzqo/dist=es2019,mode=imports/optimized/common/chunk-FTBAS6YM-40be2f5f.js": "e18d5937648ac88ad7926f96112eab89fcacefff3d6934dca746d26969d23c15",
    "https://cdn.skypack.dev/-/@faker-js/faker@v8.3.1-KmeBI49q3ZSjzTA6zzqo/dist=es2019,mode=imports/optimized/common/chunk-GD5FBBLN-d76e80ec.js": "63c486a0d52284c76f978a571a380ec7276363b85c2c3aa997ffcf587ba9c526",
    "https://cdn.skypack.dev/-/@faker-js/faker@v8.3.1-KmeBI49q3ZSjzTA6zzqo/dist=es2019,mode=imports/optimized/common/chunk-H7GG43NG-fc752519.js": "6134275d7f2b6d6e9d273ea04828535cba74d41a2b845969172defdef69c6dbb",
    "https://cdn.skypack.dev/-/@faker-js/faker@v8.3.1-KmeBI49q3ZSjzTA6zzqo/dist=es2019,mode=imports/optimized/common/chunk-HHIIHRIH-473fd982.js": "eb587108dff994ad0c82c2c896ad8abb28dab2d37dc58c35d0c8543953721923",
    "https://cdn.skypack.dev/-/@faker-js/faker@v8.3.1-KmeBI49q3ZSjzTA6zzqo/dist=es2019,mode=imports/optimized/common/chunk-IPIZSXY3-fcb6694a.js": "fc668184fa623b40616e94896e42e8fde5e9b84bbd3d1bd868f7a3fc66c9a6ec",
    "https://cdn.skypack.dev/-/@faker-js/faker@v8.3.1-KmeBI49q3ZSjzTA6zzqo/dist=es2019,mode=imports/optimized/common/chunk-ITPDPBVG-9ac208fd.js": "d99a97c799f3b708c602680e2803aa95763a02a9f1995119cd23152ce5bd8824",
    "https://cdn.skypack.dev/-/@faker-js/faker@v8.3.1-KmeBI49q3ZSjzTA6zzqo/dist=es2019,mode=imports/optimized/common/chunk-IWQ6UOOV-c05fe3e3.js": "b67709048c642bad96ced12670688eac8958f820f9d667b52de569bab34ea41b",
    "https://cdn.skypack.dev/-/@faker-js/faker@v8.3.1-KmeBI49q3ZSjzTA6zzqo/dist=es2019,mode=imports/optimized/common/chunk-JEO7UEL3-15232ac2.js": "4aa132d53cd2f5c82d01e9653f0ec38fc452e3c9bdfbef110ccc6ceb35c27f16",
    "https://cdn.skypack.dev/-/@faker-js/faker@v8.3.1-KmeBI49q3ZSjzTA6zzqo/dist=es2019,mode=imports/optimized/common/chunk-JFGC2MTN-1d04f2af.js": "abb823a58f09169b851c5902c2c0c182b150c2824415cebe9e52571482fe2f7d",
    "https://cdn.skypack.dev/-/@faker-js/faker@v8.3.1-KmeBI49q3ZSjzTA6zzqo/dist=es2019,mode=imports/optimized/common/chunk-KS66TAD2-25604390.js": "5b7ea7a33b6a5bafef138dc5200db036599a820e12504a56d5e3fb5f4f84b317",
    "https://cdn.skypack.dev/-/@faker-js/faker@v8.3.1-KmeBI49q3ZSjzTA6zzqo/dist=es2019,mode=imports/optimized/common/chunk-KWJHX3KF-f6212fbf.js": "142bb4bba21b6b6e9262a44f98b3761efaacfff4d82cd975ea259d98544e0aa5",
    "https://cdn.skypack.dev/-/@faker-js/faker@v8.3.1-KmeBI49q3ZSjzTA6zzqo/dist=es2019,mode=imports/optimized/common/chunk-LLTDLFNL-1b7cab86.js": "a63fec6405c21585e34a2604f2abeb1e972e7d78d865ac8cb382129e2943253c",
    "https://cdn.skypack.dev/-/@faker-js/faker@v8.3.1-KmeBI49q3ZSjzTA6zzqo/dist=es2019,mode=imports/optimized/common/chunk-LSZKOVGW-817882fb.js": "99e54fbd5e55b52cb545493214eae6b47b9eecbd0cacc209d789c54212fd2ae6",
    "https://cdn.skypack.dev/-/@faker-js/faker@v8.3.1-KmeBI49q3ZSjzTA6zzqo/dist=es2019,mode=imports/optimized/common/chunk-MB4XIAOG-259d3dc8.js": "7e41c55385dd10957faef5d925fc5ce06050f28997e7db79060da12630dd93fc",
    "https://cdn.skypack.dev/-/@faker-js/faker@v8.3.1-KmeBI49q3ZSjzTA6zzqo/dist=es2019,mode=imports/optimized/common/chunk-MM7MLV55-a53d34e5.js": "912faa70292ddf97682fccb8ffe3075ce21efeb1f0b11b68b21d763fee827524",
    "https://cdn.skypack.dev/-/@faker-js/faker@v8.3.1-KmeBI49q3ZSjzTA6zzqo/dist=es2019,mode=imports/optimized/common/chunk-NMHG72AY-454d71a9.js": "bf111180bcda348a8791bd35f09933e9e6b324c6548a5d566443f28f6016ba62",
    "https://cdn.skypack.dev/-/@faker-js/faker@v8.3.1-KmeBI49q3ZSjzTA6zzqo/dist=es2019,mode=imports/optimized/common/chunk-O3ZZDYJU-631d35f4.js": "229a60818067572a5c9d1240d2b111e7752f9e74d4a0c7cbfd46d334691ad106",
    "https://cdn.skypack.dev/-/@faker-js/faker@v8.3.1-KmeBI49q3ZSjzTA6zzqo/dist=es2019,mode=imports/optimized/common/chunk-O4MCULMJ-1e71809b.js": "88f1dbc57ecd818cda4970c6ba9065d1f9c49d66a08062eeefc38b566d218d0f",
    "https://cdn.skypack.dev/-/@faker-js/faker@v8.3.1-KmeBI49q3ZSjzTA6zzqo/dist=es2019,mode=imports/optimized/common/chunk-O6UJ3NCR-d2d258ec.js": "7cfc6cde078a0dcafbb77b9c92df109be8ed26f434a50391862d8885feb4264f",
    "https://cdn.skypack.dev/-/@faker-js/faker@v8.3.1-KmeBI49q3ZSjzTA6zzqo/dist=es2019,mode=imports/optimized/common/chunk-OLJKCYNF-fbfb5c5c.js": "03637bf9a0157a0a8f6a492906b180b1b8b9a58f065a3a710bd2d98e41177a7c",
    "https://cdn.skypack.dev/-/@faker-js/faker@v8.3.1-KmeBI49q3ZSjzTA6zzqo/dist=es2019,mode=imports/optimized/common/chunk-PHP3N43R-323e61e1.js": "5cc3e496d668a6ae0946c83bdd3d5b1507f4a96bbc20ec403691d4f4033a76f4",
    "https://cdn.skypack.dev/-/@faker-js/faker@v8.3.1-KmeBI49q3ZSjzTA6zzqo/dist=es2019,mode=imports/optimized/common/chunk-PKRGTDWK-ad5e0b01.js": "d12d76dea8458fa8c31510fbb9b86ecdfba9c06a7850943d4d3eb7dfd30e4664",
    "https://cdn.skypack.dev/-/@faker-js/faker@v8.3.1-KmeBI49q3ZSjzTA6zzqo/dist=es2019,mode=imports/optimized/common/chunk-PT3PAWGI-39a69a46.js": "ade5722ff97d108daeeb9a2008174f977b4cf391522ed04a0e62f7ac5b4987ba",
    "https://cdn.skypack.dev/-/@faker-js/faker@v8.3.1-KmeBI49q3ZSjzTA6zzqo/dist=es2019,mode=imports/optimized/common/chunk-PURA3JYP-f06999a7.js": "48ca36ea06b29e21407513bc7a8ca1ea3f22807ffc055d45544a8a7ea38490f2",
    "https://cdn.skypack.dev/-/@faker-js/faker@v8.3.1-KmeBI49q3ZSjzTA6zzqo/dist=es2019,mode=imports/optimized/common/chunk-R2HFKJJ6-913bf026.js": "109735c6d3ac609a898a38b7fdb51bc27756a661f57f6ff9cbf03596da87c5c9",
    "https://cdn.skypack.dev/-/@faker-js/faker@v8.3.1-KmeBI49q3ZSjzTA6zzqo/dist=es2019,mode=imports/optimized/common/chunk-R3KZW47U-c62dc1e9.js": "376c05a37aea40cf92c297a5a53fe203cab651a7b52a365f4f20924182f6fbda",
    "https://cdn.skypack.dev/-/@faker-js/faker@v8.3.1-KmeBI49q3ZSjzTA6zzqo/dist=es2019,mode=imports/optimized/common/chunk-RAE6KWM5-dc9862ee.js": "d2bc1aaf2db96b259909c2ebc7f5a950fdfce293b23c3f35c676d37dd64ed8f2",
    "https://cdn.skypack.dev/-/@faker-js/faker@v8.3.1-KmeBI49q3ZSjzTA6zzqo/dist=es2019,mode=imports/optimized/common/chunk-RMNAI3YJ-c6b67d04.js": "d1ea6764c998e76ea2e58e0b36673ce5904b94b8c6a7db7e378cd9c41cdd8db0",
    "https://cdn.skypack.dev/-/@faker-js/faker@v8.3.1-KmeBI49q3ZSjzTA6zzqo/dist=es2019,mode=imports/optimized/common/chunk-RP34WTAI-dbad5ca8.js": "fe682415b6009175a3ed18d37e297c835943bc70a900aea409aa10cb4df5b409",
    "https://cdn.skypack.dev/-/@faker-js/faker@v8.3.1-KmeBI49q3ZSjzTA6zzqo/dist=es2019,mode=imports/optimized/common/chunk-RYVOWKAR-f0ec74cb.js": "4e3156a08d9e7425c62e97f9eeafce46ad143b94a4645b1e0ee471e911b0102a",
    "https://cdn.skypack.dev/-/@faker-js/faker@v8.3.1-KmeBI49q3ZSjzTA6zzqo/dist=es2019,mode=imports/optimized/common/chunk-SGUETU3K-fcdcaa1e.js": "0149bea838f94d6944a47b6becbaff6aa9f47e7d0f936277390d5d1d9c122862",
    "https://cdn.skypack.dev/-/@faker-js/faker@v8.3.1-KmeBI49q3ZSjzTA6zzqo/dist=es2019,mode=imports/optimized/common/chunk-T2ABWB7V-59c08f4f.js": "c6725d5755cb08aae9c7fa94594084c6332d190305b7cfebc105329858be9a5c",
    "https://cdn.skypack.dev/-/@faker-js/faker@v8.3.1-KmeBI49q3ZSjzTA6zzqo/dist=es2019,mode=imports/optimized/common/chunk-TBIAOV63-c2d5714a.js": "7cd4fc44d7da89d22f0ba0b26c0437c47b8890542cf754a62289dfe89e1a8259",
    "https://cdn.skypack.dev/-/@faker-js/faker@v8.3.1-KmeBI49q3ZSjzTA6zzqo/dist=es2019,mode=imports/optimized/common/chunk-TYHH7UAQ-07d4bd49.js": "6b143406619c862818f4ecc65d3fb61d1e32cc9b90044bcb32f048d758d703a4",
    "https://cdn.skypack.dev/-/@faker-js/faker@v8.3.1-KmeBI49q3ZSjzTA6zzqo/dist=es2019,mode=imports/optimized/common/chunk-UB3DTYIN-60d8a6eb.js": "900f0220ce8287723de8dccf01f8e2eaefa8796b442da7df19aa8519fe69d459",
    "https://cdn.skypack.dev/-/@faker-js/faker@v8.3.1-KmeBI49q3ZSjzTA6zzqo/dist=es2019,mode=imports/optimized/common/chunk-UGTDX6XE-9b00704a.js": "a794f9433f99c2749ed6f331888d7aa1a6b380cd1868833e1e97db1943ac4adc",
    "https://cdn.skypack.dev/-/@faker-js/faker@v8.3.1-KmeBI49q3ZSjzTA6zzqo/dist=es2019,mode=imports/optimized/common/chunk-UTVPCZBQ-5d61037a.js": "64232898a1df7433c636eaee13045071beacdd3c0db65f23b0afa2fadcc7db49",
    "https://cdn.skypack.dev/-/@faker-js/faker@v8.3.1-KmeBI49q3ZSjzTA6zzqo/dist=es2019,mode=imports/optimized/common/chunk-UXS32U27-cdc32fb4.js": "6b449eb4d0838f8af2bd51a1f89907f1703c2021a7b14af432e612842b37aaa8",
    "https://cdn.skypack.dev/-/@faker-js/faker@v8.3.1-KmeBI49q3ZSjzTA6zzqo/dist=es2019,mode=imports/optimized/common/chunk-VJ3CZKTO-1c7681a8.js": "0733963a755e887e53a89bac2261db7d695cd7674d0c22450ebe6643c3d28c69",
    "https://cdn.skypack.dev/-/@faker-js/faker@v8.3.1-KmeBI49q3ZSjzTA6zzqo/dist=es2019,mode=imports/optimized/common/chunk-VLB7YHLV-467ed1ae.js": "ba8bb3465e5e9f0a85b4ca267a28c9c8ca293126e72b0521bf92454083b6520d",
    "https://cdn.skypack.dev/-/@faker-js/faker@v8.3.1-KmeBI49q3ZSjzTA6zzqo/dist=es2019,mode=imports/optimized/common/chunk-VMNIDYRN-eccfcfa6.js": "1a6613ecba0e2407b196a9daa023bcee847d56e010afb0277f43358137c783d0",
    "https://cdn.skypack.dev/-/@faker-js/faker@v8.3.1-KmeBI49q3ZSjzTA6zzqo/dist=es2019,mode=imports/optimized/common/chunk-VP6EC4RB-73d2a66e.js": "3fe85499f58e4cec1945d449cd437219257bc054278f51c8c060e8684a30b0c9",
    "https://cdn.skypack.dev/-/@faker-js/faker@v8.3.1-KmeBI49q3ZSjzTA6zzqo/dist=es2019,mode=imports/optimized/common/chunk-VYIQIIR4-3c77acd2.js": "11708220929658ca9e04063c93d642b94271d28fbc0f06f493445622b3cefa86",
    "https://cdn.skypack.dev/-/@faker-js/faker@v8.3.1-KmeBI49q3ZSjzTA6zzqo/dist=es2019,mode=imports/optimized/common/chunk-WQZ2QPUZ-26e4b413.js": "06160a2f466d7215ceebaaa3e1913c94065487a51a2fe5ec54492d5bc1431c99",
    "https://cdn.skypack.dev/-/@faker-js/faker@v8.3.1-KmeBI49q3ZSjzTA6zzqo/dist=es2019,mode=imports/optimized/common/chunk-XBLFAUYX-08f2a6ca.js": "4387add9a6559f52759f5eccba10ca68a2633d689d521f4ae43cde48fea503b4",
    "https://cdn.skypack.dev/-/@faker-js/faker@v8.3.1-KmeBI49q3ZSjzTA6zzqo/dist=es2019,mode=imports/optimized/common/chunk-XKDZ2K64-8e1a4bf7.js": "15ca71edd43a710d01e977d953231ef3c388c33c2ad032816be5afce8d16466b",
    "https://cdn.skypack.dev/-/@faker-js/faker@v8.3.1-KmeBI49q3ZSjzTA6zzqo/dist=es2019,mode=imports/optimized/common/chunk-XXICYA7K-12a2a33b.js": "4a07c7e84b222442ebf57b57bdaf0ff1ab6380539ac6fe5823522c927f08044f",
    "https://cdn.skypack.dev/-/@faker-js/faker@v8.3.1-KmeBI49q3ZSjzTA6zzqo/dist=es2019,mode=imports/optimized/common/chunk-Y7BIVTV7-7ac09277.js": "19f170f63edc7d6f8787c1babf5b927ac2c89ac2d16fd87ed0e5f34c04c48d0a",
    "https://cdn.skypack.dev/-/@faker-js/faker@v8.3.1-KmeBI49q3ZSjzTA6zzqo/dist=es2019,mode=imports/optimized/common/chunk-YZBMMLHD-befd7024.js": "c21938d81842e5a76d65ad5ff8efdd5e2ffc889932a67179e338041835ad2fe8",
    "https://cdn.skypack.dev/-/@faker-js/faker@v8.3.1-KmeBI49q3ZSjzTA6zzqo/dist=es2019,mode=imports/optimized/common/chunk-Z5DSCMZ7-d0915678.js": "df946b31707d2f86d5ef0a722cceb9088866d9ce6e7df37d266462af5f62a4ec",
    "https://cdn.skypack.dev/-/@faker-js/faker@v8.3.1-KmeBI49q3ZSjzTA6zzqo/dist=es2019,mode=imports/optimized/common/chunk-ZG56DQ2B-9498fda7.js": "bcb78d58ce5cb81246956b362fb8cc0934075873d8c6685d48a4cc56cac4293f",
    "https://cdn.skypack.dev/@faker-js/faker@v8.3.1?dts": "9d8989ed3707bd301d2120b224bbecbe3ac1e5013d5781b4c9c8d1232060540a",
    "https://deno.land/std@0.154.0/_util/assert.ts": "e94f2eb37cebd7f199952e242c77654e43333c1ac4c5c700e929ea3aa5489f74",
    "https://deno.land/std@0.154.0/_wasm_crypto/lib/deno_std_wasm_crypto.generated.mjs": "dfcd6777d05345362c70f9f2c49abba3ed3f925fccfcf725abe2d16d51819433",
    "https://deno.land/std@0.154.0/_wasm_crypto/mod.ts": "6c60d332716147ded0eece0861780678d51b560f533b27db2e15c64a4ef83665",
    "https://deno.land/std@0.154.0/async/deferred.ts": "c01de44b9192359cebd3fe93273fcebf9e95110bf3360023917da9a2d1489fae",
    "https://deno.land/std@0.154.0/bytes/bytes_list.ts": "aba5e2369e77d426b10af1de0dcc4531acecec27f9b9056f4f7bfbf8ac147ab4",
    "https://deno.land/std@0.154.0/bytes/equals.ts": "3c3558c3ae85526f84510aa2b48ab2ad7bdd899e2e0f5b7a8ffc85acb3a6043a",
    "https://deno.land/std@0.154.0/bytes/mod.ts": "763f97d33051cc3f28af1a688dfe2830841192a9fea0cbaa55f927b49d49d0bf",
    "https://deno.land/std@0.154.0/crypto/_fnv/fnv32.ts": "aa9bddead8c6345087d3abd4ef35fb9655622afc333fc41fff382b36e64280b5",
    "https://deno.land/std@0.154.0/crypto/_fnv/fnv64.ts": "625d7e7505b6cb2e9801b5fd6ed0a89256bac12b2bbb3e4664b85a88b0ec5bef",
    "https://deno.land/std@0.154.0/crypto/_fnv/index.ts": "a8f6a361b4c6d54e5e89c16098f99b6962a1dd6ad1307dbc97fa1ecac5d7060a",
    "https://deno.land/std@0.154.0/crypto/_fnv/util.ts": "4848313bed7f00f55be3cb080aa0583fc007812ba965b03e4009665bde614ce3",
    "https://deno.land/std@0.154.0/crypto/keystack.ts": "e481eed28007395e554a435e880fee83a5c73b9259ed8a135a75e4b1e4f381f7",
    "https://deno.land/std@0.154.0/crypto/mod.ts": "0ef11f063cd0f9759485a3c9051e15125e1bde3b47c23b47e79b6e13cfcf9481",
    "https://deno.land/std@0.154.0/crypto/timing_safe_equal.ts": "82a29b737bc8932d75d7a20c404136089d5d23629e94ba14efa98a8cc066c73e",
    "https://deno.land/std@0.154.0/encoding/base64.ts": "c57868ca7fa2fbe919f57f88a623ad34e3d970d675bdc1ff3a9d02bba7409db2",
    "https://deno.land/std@0.154.0/encoding/base64url.ts": "a5f82a9fa703bd85a5eb8e7c1296bc6529e601ebd9642cc2b5eaa6b38fa9e05a",
    "https://deno.land/std@0.154.0/encoding/hex.ts": "4cc5324417cbb4ac9b828453d35aed45b9cc29506fad658f1f138d981ae33795",
    "https://deno.land/std@0.154.0/fmt/colors.ts": "ff7dc9c9f33a72bd48bc24b21bbc1b4545d8494a431f17894dbc5fe92a938fc4",
    "https://deno.land/std@0.154.0/io/buffer.ts": "fae02290f52301c4e0188670e730cd902f9307fb732d79c4aa14ebdc82497289",
    "https://deno.land/std@0.154.0/io/files.ts": "d199ef64e918a256320ba8d8d44ae91de87c9077df8f8d6cca013f1b9fbbe285",
    "https://deno.land/std@0.154.0/io/mod.ts": "33507cf2460ab67d0d90fb5749fa6fecb33897642b49d54a6bb1ac81e4768f69",
    "https://deno.land/std@0.154.0/io/readers.ts": "45847ad404afd2f605eae1cff193f223462bc55eeb9ae313c2f3db28aada0fd6",
    "https://deno.land/std@0.154.0/io/streams.ts": "988a19155b52161f0035ce539e2f1d12edbc4c389fa7633da832a64e6edbe1a0",
    "https://deno.land/std@0.154.0/io/util.ts": "078da53bba767bec0d45f7da44411f6dbf269e51ef7fcfea5e3714e04681c674",
    "https://deno.land/std@0.154.0/io/writers.ts": "2e1c63ffd0cfba411b1fd8374609abff9ea86187c9d4d885d42e6fc20325ef0e",
    "https://deno.land/std@0.154.0/streams/conversion.ts": "fc4eb76a14148c43f0b85e903a5a1526391aa40ed9434dc21e34f88304eb823e",
    "https://deno.land/std@0.154.0/testing/_diff.ts": "141f978a283defc367eeee3ff7b58aa8763cf7c8e0c585132eae614468e9d7b8",
    "https://deno.land/std@0.154.0/testing/_format.ts": "cd11136e1797791045e639e9f0f4640d5b4166148796cad37e6ef75f7d7f3832",
    "https://deno.land/std@0.154.0/testing/asserts.ts": "ac295f7fd22a7af107580e2475402a8c386cb1bf18bf837ae266ac0665786026",
    "https://deno.land/std@0.212.0/assert/_constants.ts": "a271e8ef5a573f1df8e822a6eb9d09df064ad66a4390f21b3e31f820a38e0975",
    "https://deno.land/std@0.212.0/assert/_diff.ts": "dcc63d94ca289aec80644030cf88ccbf7acaa6fbd7b0f22add93616b36593840",
    "https://deno.land/std@0.212.0/assert/_format.ts": "0ba808961bf678437fb486b56405b6fefad2cf87b5809667c781ddee8c32aff4",
    "https://deno.land/std@0.212.0/assert/assert.ts": "bec068b2fccdd434c138a555b19a2c2393b71dfaada02b7d568a01541e67cdc5",
    "https://deno.land/std@0.212.0/assert/assert_almost_equals.ts": "8b96b7385cc117668b0720115eb6ee73d04c9bcb2f5d2344d674918c9113688f",
    "https://deno.land/std@0.212.0/assert/assert_array_includes.ts": "1688d76317fd45b7e93ef9e2765f112fdf2b7c9821016cdfb380b9445374aed1",
    "https://deno.land/std@0.212.0/assert/assert_equals.ts": "4497c56fe7d2993b0d447926702802fc0becb44e319079e8eca39b482ee01b4e",
    "https://deno.land/std@0.212.0/assert/assert_exists.ts": "24a7bf965e634f909242cd09fbaf38bde6b791128ece08e33ab08586a7cc55c9",
    "https://deno.land/std@0.212.0/assert/assert_false.ts": "6f382568e5128c0f855e5f7dbda8624c1ed9af4fcc33ef4a9afeeedcdce99769",
    "https://deno.land/std@0.212.0/assert/assert_greater.ts": "4945cf5729f1a38874d7e589e0fe5cc5cd5abe5573ca2ddca9d3791aa891856c",
    "https://deno.land/std@0.212.0/assert/assert_greater_or_equal.ts": "573ed8823283b8d94b7443eb69a849a3c369a8eb9666b2d1db50c33763a5d219",
    "https://deno.land/std@0.212.0/assert/assert_instance_of.ts": "72dc1faff1e248692d873c89382fa1579dd7b53b56d52f37f9874a75b11ba444",
    "https://deno.land/std@0.212.0/assert/assert_is_error.ts": "6596f2b5ba89ba2fe9b074f75e9318cda97a2381e59d476812e30077fbdb6ed2",
    "https://deno.land/std@0.212.0/assert/assert_less.ts": "2b4b3fe7910f65f7be52212f19c3977ecb8ba5b2d6d0a296c83cde42920bb005",
    "https://deno.land/std@0.212.0/assert/assert_less_or_equal.ts": "b93d212fe669fbde959e35b3437ac9a4468f2e6b77377e7b6ea2cfdd825d38a0",
    "https://deno.land/std@0.212.0/assert/assert_match.ts": "ec2d9680ed3e7b9746ec57ec923a17eef6d476202f339ad91d22277d7f1d16e1",
    "https://deno.land/std@0.212.0/assert/assert_not_equals.ts": "f3edda73043bc2c9fae6cbfaa957d5c69bbe76f5291a5b0466ed132c8789df4c",
    "https://deno.land/std@0.212.0/assert/assert_not_instance_of.ts": "8f720d92d83775c40b2542a8d76c60c2d4aeddaf8713c8d11df8984af2604931",
    "https://deno.land/std@0.212.0/assert/assert_not_match.ts": "b4b7c77f146963e2b673c1ce4846473703409eb93f5ab0eb60f6e6f8aeffe39f",
    "https://deno.land/std@0.212.0/assert/assert_not_strict_equals.ts": "da0b8ab60a45d5a9371088378e5313f624799470c3b54c76e8b8abeec40a77be",
    "https://deno.land/std@0.212.0/assert/assert_object_match.ts": "e85e5eef62a56ce364c3afdd27978ccab979288a3e772e6855c270a7b118fa49",
    "https://deno.land/std@0.212.0/assert/assert_rejects.ts": "e9e0c8d9c3e164c7ac962c37b3be50577c5a2010db107ed272c4c1afb1269f54",
    "https://deno.land/std@0.212.0/assert/assert_strict_equals.ts": "0425a98f70badccb151644c902384c12771a93e65f8ff610244b8147b03a2366",
    "https://deno.land/std@0.212.0/assert/assert_string_includes.ts": "dfb072a890167146f8e5bdd6fde887ce4657098e9f71f12716ef37f35fb6f4a7",
    "https://deno.land/std@0.212.0/assert/assert_throws.ts": "edddd86b39606c342164b49ad88dd39a26e72a26655e07545d172f164b617fa7",
    "https://deno.land/std@0.212.0/assert/assertion_error.ts": "9f689a101ee586c4ce92f52fa7ddd362e86434ffdf1f848e45987dc7689976b8",
    "https://deno.land/std@0.212.0/assert/equal.ts": "fae5e8a52a11d3ac694bbe1a53e13a7969e3f60791262312e91a3e741ae519e2",
    "https://deno.land/std@0.212.0/assert/fail.ts": "f310e51992bac8e54f5fd8e44d098638434b2edb802383690e0d7a9be1979f1c",
    "https://deno.land/std@0.212.0/assert/mod.ts": "325df8c0683ad83a873b9691aa66b812d6275fc9fec0b2d180ac68a2c5efed3b",
    "https://deno.land/std@0.212.0/assert/unimplemented.ts": "47ca67d1c6dc53abd0bd729b71a31e0825fc452dbcd4fde4ca06789d5644e7fd",
    "https://deno.land/std@0.212.0/assert/unreachable.ts": "38cfecb95d8b06906022d2f9474794fca4161a994f83354fd079cac9032b5145",
    "https://deno.land/std@0.212.0/dotenv/mod.ts": "46cc7a78cf3f7ba533c8c9b90407a365f925be332ebdc867a1f502614e3d8523",
    "https://deno.land/std@0.212.0/dotenv/parse.ts": "55d5d1a5ba76c1324e6dc2f2f7917f03c47e5da5c2c55af11fd0fe2d6a3d3a2e",
    "https://deno.land/std@0.212.0/dotenv/stringify.ts": "0047ad7068289735d08964046aea267a750c141b494ca0e38831b89be6c020c2",
    "https://deno.land/std@0.212.0/fmt/colors.ts": "71e2d7d9911cf3f4f8cceaabe588fd9a4c0228102f4233da62ffd3e421201de7",
    "https://deno.land/std@0.212.0/fs/exists.ts": "d2757ef764eaf5c6c5af7228e8447db2de42ab084a2dae540097f905723d83f5",
    "https://deno.land/std@0.212.0/http/cookie.ts": "81bca9155a792be5099a57f8f1b0e9df6c8370dfad9ed69fb58cd84606c00e8a",
    "https://deno.land/std@0.212.0/log/base_handler.ts": "3bd6919f64faba7a6a741390428ab8e18c843abcc22460f33eec54a28b8b501c",
    "https://deno.land/std@0.212.0/log/console_handler.ts": "75653acd6932fb97c7121f63336b39de3f072e329874d66f05abcb2a7f514558",
    "https://deno.land/std@0.212.0/log/file_handler.ts": "7b58c7017117ae290700b0e23f21573c1dc8ba8b5d4978d8aa0b8e05742d75e2",
    "https://deno.land/std@0.212.0/log/formatters.ts": "1f15655539114dee5349d4a0f4279a91ef1a4aa6d43cfb8da796cd8d54230150",
    "https://deno.land/std@0.212.0/log/handlers.ts": "ff5b5d8293ca5d452acfb2e7c214f527ad953aaab4036219b818a3b859944b08",
    "https://deno.land/std@0.212.0/log/levels.ts": "3746b311bc5cd28340fe7b563002f94508ace565592e9f4730f8b07916f189a6",
    "https://deno.land/std@0.212.0/log/logger.ts": "c6768a2f41bbd51761144e69074a73b7d627a6e614809a54ec5994d5c84d223e",
    "https://deno.land/std@0.212.0/log/mod.ts": "7be58232152c252cb93986b8319c096c56a1e447b5ba8b52ecd5834ebdcfcfd4",
    "https://deno.land/std@0.212.0/log/rotating_file_handler.ts": "dc0333959ff725ac1f43b741ababa9fef074f658a60c65235d12e44952085fbe",
    "https://deno.land/std@0.212.0/testing/_test_suite.ts": "f10a8a6338b60c403f07a76f3f46bdc9f1e1a820c0a1decddeb2949f7a8a0546",
    "https://deno.land/std@0.212.0/testing/bdd.ts": "3cbd17bd35f629a76ce63446238dfb4632240dd46b3b205027c45fa3dd67e554",
    "https://deno.land/x/bcrypt@v0.4.1/mod.ts": "ff09bdae282583cf5f7d87efe37ddcecef7f14f6d12e8b8066a3058db8c6c2f7",
    "https://deno.land/x/bcrypt@v0.4.1/src/bcrypt/base64.ts": "b8266450a4f1eb6960f60f2f7986afc4dde6b45bd2d7ee7ba10789e67e17b9f7",
    "https://deno.land/x/bcrypt@v0.4.1/src/bcrypt/bcrypt.ts": "ec221648cc6453ea5e3803bc817c01157dada06aa6f7a0ba6b9f87aae32b21e2",
    "https://deno.land/x/bcrypt@v0.4.1/src/main.ts": "08d201b289c8d9c46f8839c69cd6625b213863db29775c7a200afc3b540e64f8",
    "https://deno.land/x/hono@v3.12.6/adapter/deno/serve-static.ts": "c1bbaf52e44d5eb0a159029c60ab2057d7735a8b3f7019263d46fb0ac6271329",
    "https://deno.land/x/hono@v3.12.6/client/client.ts": "9b3bddfd400d069d58320c3f475447d5e61f2c343adad402d5d36fa17f00b481",
    "https://deno.land/x/hono@v3.12.6/client/index.ts": "30def535310a37bede261f1b23d11a9758983b8e9d60a6c56309cee5f6746ab2",
    "https://deno.land/x/hono@v3.12.6/client/utils.ts": "053273c002963b549d38268a1b423ac8ca211a8028bdab1ed0b781a62aa5e661",
    "https://deno.land/x/hono@v3.12.6/compose.ts": "37d6e33b7db80e4c43a0629b12fd3a1e3406e7d9e62a4bfad4b30426ea7ae4f1",
    "https://deno.land/x/hono@v3.12.6/context.ts": "bb3309ea57fa617714a16a99ab4da02ee4e36419770da6cb0f581fbbef9f541d",
    "https://deno.land/x/hono@v3.12.6/helper.ts": "f3acfb2b30eb0bf854876173b62b3aade6c6c638dc242d4729752f68e9c0be45",
    "https://deno.land/x/hono@v3.12.6/helper/adapter/index.ts": "eea9b4caedbfa3a3b4a020bf46c88c0171a00008cd6c10708cd85a3e39d86e62",
    "https://deno.land/x/hono@v3.12.6/helper/cookie/index.ts": "a05ce7e3bafe1f8c7f45d04abf79822716011be75904fe1aad2e99126fd985b9",
    "https://deno.land/x/hono@v3.12.6/helper/css/index.ts": "e04e66a594f30b29ab721e7f078c06791edd23992cb2e0ace28c60ed6133be17",
    "https://deno.land/x/hono@v3.12.6/helper/dev/index.ts": "ca44c740647dc2a9a8438044bc73aec8fca599c18d3a68a893e1261e0996d3cd",
    "https://deno.land/x/hono@v3.12.6/helper/factory/index.ts": "45c9f0a981c23d6b5e481697637b0f66fec3234aec442d0cb285048b07ed54c6",
    "https://deno.land/x/hono@v3.12.6/helper/html/index.ts": "701ed12b808e8c253247edc02c2c4b32261ae899e9c98f1427f7f6eaa8b7d1ce",
    "https://deno.land/x/hono@v3.12.6/helper/streaming/index.ts": "e4955c04cb5fe4d65abec256ff3f598c87958a1cfd9eece1d6de1b56d16c7723",
    "https://deno.land/x/hono@v3.12.6/helper/streaming/sse.ts": "3a10d73592a3af1665b872fce6d8c0417e096703cfcd15f21da3bb357ee6ede4",
    "https://deno.land/x/hono@v3.12.6/helper/streaming/stream.ts": "bb8eee53fadf62fb9c4b4f3ffa2f23ee21bf2337121a6811a5fe18bbbcbe6564",
    "https://deno.land/x/hono@v3.12.6/helper/streaming/text.ts": "df8e941f8f1605b8ee74e7176fc013716203a6961c7b69dc304f5826dfb2383c",
    "https://deno.land/x/hono@v3.12.6/helper/testing/index.ts": "bc49c049aa0d6426417e3d1a2f52a471a09edb1fb8610b7545eae1968e7d7874",
    "https://deno.land/x/hono@v3.12.6/hono-base.ts": "e1702bc53016e1fb2cf6775c80c5f2a0b367a28a35965b4820752d15c79e6b69",
    "https://deno.land/x/hono@v3.12.6/hono.ts": "2cc4c292e541463a4d6f83edbcea58048d203e9564ae62ec430a3d466b49a865",
    "https://deno.land/x/hono@v3.12.6/http-exception.ts": "6071df078b5f76d279684d52fe82a590f447a64ffe1b75eb5064d0c8a8d2d676",
    "https://deno.land/x/hono@v3.12.6/jsx/components.ts": "b5b48d6aa6ea871c0ad5f0fc162d2dccc864ba2220586fe20a69cb3682145304",
    "https://deno.land/x/hono@v3.12.6/jsx/index.ts": "32fb017b6417d6aa408dc297b4178288851bdbc034abc8bfb51e9976d5425b25",
    "https://deno.land/x/hono@v3.12.6/jsx/streaming.ts": "034b0bf59f340dc2ec38215410346867721e811d05c40310363a3702121a908c",
    "https://deno.land/x/hono@v3.12.6/middleware.ts": "c88d51cc00818631da6b2aa1aae793ebeb7e0fa4984b2dfd390602bfa4c0dc14",
    "https://deno.land/x/hono@v3.12.6/middleware/basic-auth/index.ts": "fcf7b2c739dd1d65e17433a7d44d680f25c356bbad1e5eec200dce2e30d70081",
    "https://deno.land/x/hono@v3.12.6/middleware/bearer-auth/index.ts": "1bfe631db1661cd342a2220614af5e21455ebea11b8c3ed5f6df7ef8d02b9a54",
    "https://deno.land/x/hono@v3.12.6/middleware/cache/index.ts": "1294ca78a78d0ec279b8b8728837120458eeb429d774715777a412f190950312",
    "https://deno.land/x/hono@v3.12.6/middleware/compress/index.ts": "c053a4c9bb605f0320e014b513cfd44c6cbde6ed49373fd659fa02d697f9df17",
    "https://deno.land/x/hono@v3.12.6/middleware/cors/index.ts": "69e208e2bfd6345f14892e59ea817818373b3ebd74163177d687cd47ddbe1f6c",
    "https://deno.land/x/hono@v3.12.6/middleware/csrf/index.ts": "077bb0ce299d79d0d232cb9e462aaa4eaa901164f1310f74a7630f7e6cfe74e8",
    "https://deno.land/x/hono@v3.12.6/middleware/etag/index.ts": "3392aabea4d02dfec51455c5919bff9aad76538b9fde375dd542fbc3f389dd3a",
    "https://deno.land/x/hono@v3.12.6/middleware/jsx-renderer/index.ts": "8c12ac5b61608a4688e28794927990d1d07ca11de8b9e79bb85e33b1696d790c",
    "https://deno.land/x/hono@v3.12.6/middleware/jwt/index.ts": "7ef27b177110224d2e928eafffaf97972043ea7950520a8d23657612143570d2",
    "https://deno.land/x/hono@v3.12.6/middleware/logger/index.ts": "4baf9217b61f5e9e937c3e4e6cd87508c83603fcee77c33edba0a6ae2cc41ccd",
    "https://deno.land/x/hono@v3.12.6/middleware/powered-by/index.ts": "6faba0cf042278d60b317b690640bb0b58747690cf280fa09024424c5174e66d",
    "https://deno.land/x/hono@v3.12.6/middleware/pretty-json/index.ts": "2216ce4c9910be009fecac63367c3626b46137d4cf7cb9a82913e501104b4a88",
    "https://deno.land/x/hono@v3.12.6/middleware/secure-headers/index.ts": "05dfc8fbb94a565efbb55633090b81157e97f23393ff80a23e299ad7ac222e34",
    "https://deno.land/x/hono@v3.12.6/middleware/timing/index.ts": "241702aa10ab66cc832e8b556c57c236f3bf338a8817d802cb142eae0f852582",
    "https://deno.land/x/hono@v3.12.6/mod.ts": "90114a97be9111b348129ad0143e764a64921f60dd03b8f3da529db98a0d3a82",
    "https://deno.land/x/hono@v3.12.6/request.ts": "71a67261d14bba95e9a8b4782a1c1704d12d54a77390ce404741df15ab99a109",
    "https://deno.land/x/hono@v3.12.6/router.ts": "880316f561918fc197481755aac2165fdbe2f530b925c5357a9f98d6e2cc85c7",
    "https://deno.land/x/hono@v3.12.6/router/linear-router/index.ts": "8a2a7144c50b1f4a92d9ee99c2c396716af144c868e10608255f969695efccd0",
    "https://deno.land/x/hono@v3.12.6/router/linear-router/router.ts": "1366b3fada26e33c96b0f228aa7962b9c9801c4f484b3991b256aed2c005c668",
    "https://deno.land/x/hono@v3.12.6/router/pattern-router/index.ts": "304a66c50e243872037ed41c7dd79ed0c89d815e17e172e7ad7cdc4bc07d3383",
    "https://deno.land/x/hono@v3.12.6/router/pattern-router/router.ts": "a9a5a2a182cce8c3ae82139892cc0502be7dd8f579f31e76d0302b19b338e548",
    "https://deno.land/x/hono@v3.12.6/router/reg-exp-router/index.ts": "52755829213941756159b7a963097bafde5cc4fc22b13b1c7c9184dc0512d1db",
    "https://deno.land/x/hono@v3.12.6/router/reg-exp-router/node.ts": "5b3fb80411db04c65df066e69fedb2c8c0844753c2633d703336de84d569252c",
    "https://deno.land/x/hono@v3.12.6/router/reg-exp-router/router.ts": "c89a37b14c64518256d2fc216d9db7645e658235648762c3ad6e3fc6872a941c",
    "https://deno.land/x/hono@v3.12.6/router/reg-exp-router/trie.ts": "852ce7207e6701e47fa30889a0d2b8bfcd56d8862c97e7bc9831e0a64bd8835f",
    "https://deno.land/x/hono@v3.12.6/router/smart-router/index.ts": "74f9b4fe15ea535900f2b9b048581915f12fe94e531dd2b0032f5610e61c3bef",
    "https://deno.land/x/hono@v3.12.6/router/smart-router/router.ts": "f1848a2a1eefa316a11853ae12e749552747771fb8a11fe713ae04ea6461140b",
    "https://deno.land/x/hono@v3.12.6/router/trie-router/index.ts": "3eb75e7f71ba81801631b30de6b1f5cefb2c7239c03797e2b2cbab5085911b41",
    "https://deno.land/x/hono@v3.12.6/router/trie-router/node.ts": "326830a78f3ba3f8a7171041c71d541b10fba2fb398067b09bcd35251bb9679f",
    "https://deno.land/x/hono@v3.12.6/router/trie-router/router.ts": "54ced78d35676302c8fcdda4204f7bdf5a7cc907fbf9967c75674b1e394f830d",
    "https://deno.land/x/hono@v3.12.6/utils/body.ts": "7a16a6656331a96bcae57642f8d5e3912bd361cbbcc2c0d2157ecc3f218f7a92",
    "https://deno.land/x/hono@v3.12.6/utils/buffer.ts": "9066a973e64498cb262c7e932f47eed525a51677b17f90893862b7279dc0773e",
    "https://deno.land/x/hono@v3.12.6/utils/cookie.ts": "19920ba6756944aae1ad8585c3ddeaa9df479733f59d05359db096f7361e5e4b",
    "https://deno.land/x/hono@v3.12.6/utils/crypto.ts": "bda0e141bbe46d3a4a20f8fbcb6380d473b617123d9fdfa93e4499410b537acc",
    "https://deno.land/x/hono@v3.12.6/utils/encode.ts": "3b7c7d736123b5073542b34321700d4dbf5ff129c138f434bb2144a4d425ee89",
    "https://deno.land/x/hono@v3.12.6/utils/filepath.ts": "18461b055a914d6da85077f453051b516281bb17cf64fa74bf5ef604dc9d2861",
    "https://deno.land/x/hono@v3.12.6/utils/html.ts": "e800e72e2940104e963707edb41a438937693dda8d21bd37a57620e35d36c647",
    "https://deno.land/x/hono@v3.12.6/utils/jwt/index.ts": "5e4b82a42eb3603351dfce726cd781ca41cb57437395409d227131aec348d2d5",
    "https://deno.land/x/hono@v3.12.6/utils/jwt/jwt.ts": "02ff7bbf1298ffcc7a40266842f8eac44b6c136453e32d4441e24d0cbfba3a95",
    "https://deno.land/x/hono@v3.12.6/utils/jwt/types.ts": "58ddf908f76ba18d9c62ddfc2d1e40cc2e306bf987409a6169287efa81ce2546",
    "https://deno.land/x/hono@v3.12.6/utils/mime.ts": "0105d2b5e8e91f07acc70f5d06b388313995d62af23c802fcfba251f5a744d95",
    "https://deno.land/x/hono@v3.12.6/utils/stream.ts": "f3d15ef4e112b1916b104dc4e8481f07e2b950f23ba3dacedfcfb7e76af9a604",
    "https://deno.land/x/hono@v3.12.6/utils/url.ts": "9d4e937ea75c1a7d37e6216722cb9f0ab42d730d2c318ae8c2701d7591401a33",
    "https://deno.land/x/hono@v3.12.6/validator/index.ts": "6c986e8b91dcf857ecc8164a506ae8eea8665792a4ff7215471df669c632ae7c",
    "https://deno.land/x/hono@v3.12.6/validator/validator.ts": "97fead75b1e3e460d0895d68eab2be6d774f6d1428e2efb8b4df8ba8bb422c3e",
    "https://deno.land/x/mongo@v0.32.0/deps.ts": "1b53a32fbc115195d74ab78e7d21026ea4b6590e5b558b388017cc1a9b8181e6",
    "https://deno.land/x/mongo@v0.32.0/mod.ts": "0989f34d08c40440b8786140abdaf863e964e23df5d1a80e661d3d4170d9d21e",
    "https://deno.land/x/mongo@v0.32.0/src/auth/base.ts": "7fe14cf0a63d6bbc4ba69a000a04b3b184d26842504d94652a6af2d0c9494944",
    "https://deno.land/x/mongo@v0.32.0/src/auth/mod.ts": "b161611bd5be9e9d1b4497227c8ea93ad4daadcd98038c9e5a707bc5da7a25ca",
    "https://deno.land/x/mongo@v0.32.0/src/auth/pbkdf2.ts": "1f1db192fd37869d118ab34780b64567ebcf0ad83a03ef28b3d740cae9adb47a",
    "https://deno.land/x/mongo@v0.32.0/src/auth/scram.ts": "187db02e94e7e5423ec902e87d6839028770dca57830dca7f154dcd22a959c0f",
    "https://deno.land/x/mongo@v0.32.0/src/auth/x509.ts": "a75b27c549707dd441434ae400a3e6a24da7fe7d4e0e80c9bb79dfc6426b651e",
    "https://deno.land/x/mongo@v0.32.0/src/client.ts": "368cac10b3df3bfbc2dfba468d1bbd1332c359a643e0bb81a13d7220a58b43ff",
    "https://deno.land/x/mongo@v0.32.0/src/cluster.ts": "cff69bf284a5c7fcaff231494f1ab56ca652e725e58622723e402fbb61448d0e",
    "https://deno.land/x/mongo@v0.32.0/src/collection/collection.ts": "6748479b4e9992f9f2ce8e22f891f8917349c1a0e53cb89da5a66cf2b44b9016",
    "https://deno.land/x/mongo@v0.32.0/src/collection/commands/aggregate.ts": "440906a670adb46edb36fd95573ffa83f192775108b621520be992165910e895",
    "https://deno.land/x/mongo@v0.32.0/src/collection/commands/find.ts": "5c3b750d8c82ce08d865a381bc71f600406cbc4912c4aa689238755579fb71f8",
    "https://deno.land/x/mongo@v0.32.0/src/collection/commands/list_indexes.ts": "d32a5120305d0547497026b4f5ab2ecc2f40ff7f44c405b99c2a0287765333f5",
    "https://deno.land/x/mongo@v0.32.0/src/collection/commands/update.ts": "cf352108a5dd34f0928c2196a432383d366b8ed292676c71358b9ecf1289418d",
    "https://deno.land/x/mongo@v0.32.0/src/collection/mod.ts": "bd791a0b9b46be4365f88c54893584eadec2f8cd799db9eb05e0b5b4c8d72b8e",
    "https://deno.land/x/mongo@v0.32.0/src/database.ts": "c7b677beddd3eb16f79e8d3c9473b5f86e45541b8a04cc896aabe04d029fa7a0",
    "https://deno.land/x/mongo@v0.32.0/src/error.ts": "8180a822b0831a94a6a28815865b5b40e3996220684bea60fcb81b272ddd06eb",
    "https://deno.land/x/mongo@v0.32.0/src/gridfs/bucket.ts": "a4452d63f6928f57486a214a499b54b80b98cc0d13e3d85a6841b34d5ff12a61",
    "https://deno.land/x/mongo@v0.32.0/src/gridfs/indexes.ts": "7d302114fb4d81c4a873614a51d11ddb8b471f967179dddb8269c39b3cadf4e3",
    "https://deno.land/x/mongo@v0.32.0/src/gridfs/upload.ts": "6a54a21b00c6f22ad0da6ceef7a2932dc600560f594c2551abd8e4a64976abae",
    "https://deno.land/x/mongo@v0.32.0/src/protocol/cursor.ts": "c370a28856fa236129cc2d7abf7ebc4ac6cdd60acb93e0e7371433f7332394cb",
    "https://deno.land/x/mongo@v0.32.0/src/protocol/handshake.ts": "3c3ba547d5322751b9756ce9a4750f3cf18febee0a64edca5b007634bd80e0fe",
    "https://deno.land/x/mongo@v0.32.0/src/protocol/header.ts": "0f28db842f886e57b7013606c1391affab2e2960a1a4568d2502e7b788117716",
    "https://deno.land/x/mongo@v0.32.0/src/protocol/message.ts": "7b4e38489070fc6281d1b3f13e99504310f09273baa8bcb11d82b1e30ea04202",
    "https://deno.land/x/mongo@v0.32.0/src/protocol/mod.ts": "4e24d563049c0a236234598ca786ca13778dc17fdb80ac543ac6c75d0c5094d7",
    "https://deno.land/x/mongo@v0.32.0/src/protocol/protocol.ts": "92568dd86e6ef3f54054113d9f5620f158fc1dfee2a7c9d13623975835d5996a",
    "https://deno.land/x/mongo@v0.32.0/src/types.ts": "355c91b0abc0c77aa1f8fd0dcfcbc47505518f561b72d8fefd4a929b12bc7e48",
    "https://deno.land/x/mongo@v0.32.0/src/types/geojson.ts": "14690e2fa1591939253ddc9de181b0664051e9462db131b72be5fb9d064dff44",
    "https://deno.land/x/mongo@v0.32.0/src/types/geospatial.ts": "c73ee13536365fa5d868b65ab47b3488a5f223a67e1e059761886f750db70ef9",
    "https://deno.land/x/mongo@v0.32.0/src/types/gridfs.ts": "e1fd12c3ca58d437267e7a8557d745d23b9d8916d1da34c1847e5e373728dfa0",
    "https://deno.land/x/mongo@v0.32.0/src/types/read_write_concern.ts": "d00f35eb85520e776741888685d08d479766a19e9a0a970b53f4594c9db00496",
    "https://deno.land/x/mongo@v0.32.0/src/utils/ns.ts": "fb0c57b8dc4d31f8993112d267dec3c163d3e8862198d1cd03b2b51bcc3caad9",
    "https://deno.land/x/mongo@v0.32.0/src/utils/saslprep/deps.ts": "95ceb81b353110526dacf2a98854bc79d6e17d7f173af8806e91c05555d7b8c7",
    "https://deno.land/x/mongo@v0.32.0/src/utils/saslprep/load_code_points.ts": "f6a4ef2eb2345eac40ffbf1a30661cca803f399865f2a0fadafb71f57d4c97bf",
    "https://deno.land/x/mongo@v0.32.0/src/utils/saslprep/memory_pager.ts": "f55a79a13ec569c21630c3915a9af0c6fc0aa2b899121fa2a85a813c6dd4afba",
    "https://deno.land/x/mongo@v0.32.0/src/utils/saslprep/mod.ts": "0a8a39a0784d065a79c54ce63d7d7b103d0b94addc5b7bcf985517ba2442c8a1",
    "https://deno.land/x/mongo@v0.32.0/src/utils/saslprep/sparse_bitfield.ts": "07d6fe2ecd4ba5f711c44c1ae409bb9c1fe3a3cfc09e27434d231d4aae46dd2d",
    "https://deno.land/x/mongo@v0.32.0/src/utils/srv.ts": "ed5f78ffe6480faac68291a87e51e3674eff5f28aec937ee97248e99e1317b16",
    "https://deno.land/x/mongo@v0.32.0/src/utils/uri.ts": "dcfab8e1dcfcc875c75ada1d9f366664480c03b65594990d6342ed88925452e5",
    "https://deno.land/x/web_bson@v0.3.0/mod.js": "8e14aecd31ee63abd30e2dbaa284b4b67abb7ba51fcef5b96af74727cb7c7940",
    "https://deno.land/x/zod@v3.22.4/ZodError.ts": "4de18ff525e75a0315f2c12066b77b5c2ae18c7c15ef7df7e165d63536fdf2ea",
    "https://deno.land/x/zod@v3.22.4/errors.ts": "5285922d2be9700cc0c70c95e4858952b07ae193aa0224be3cbd5cd5567eabef",
    "https://deno.land/x/zod@v3.22.4/external.ts": "a6cfbd61e9e097d5f42f8a7ed6f92f93f51ff927d29c9fbaec04f03cbce130fe",
    "https://deno.land/x/zod@v3.22.4/helpers/enumUtil.ts": "54efc393cc9860e687d8b81ff52e980def00fa67377ad0bf8b3104f8a5bf698c",
    "https://deno.land/x/zod@v3.22.4/helpers/errorUtil.ts": "7a77328240be7b847af6de9189963bd9f79cab32bbc61502a9db4fe6683e2ea7",
    "https://deno.land/x/zod@v3.22.4/helpers/parseUtil.ts": "f791e6e65a0340d85ad37d26cd7a3ba67126cd9957eac2b7163162155283abb1",
    "https://deno.land/x/zod@v3.22.4/helpers/partialUtil.ts": "998c2fe79795257d4d1cf10361e74492f3b7d852f61057c7c08ac0a46488b7e7",
    "https://deno.land/x/zod@v3.22.4/helpers/typeAliases.ts": "0fda31a063c6736fc3cf9090dd94865c811dfff4f3cb8707b932bf937c6f2c3e",
    "https://deno.land/x/zod@v3.22.4/helpers/util.ts": "8baf19b19b2fca8424380367b90364b32503b6b71780269a6e3e67700bb02774",
    "https://deno.land/x/zod@v3.22.4/index.ts": "d27aabd973613985574bc31f39e45cb5d856aa122ef094a9f38a463b8ef1a268",
    "https://deno.land/x/zod@v3.22.4/locales/en.ts": "a7a25cd23563ccb5e0eed214d9b31846305ddbcdb9c5c8f508b108943366ab4c",
    "https://deno.land/x/zod@v3.22.4/mod.ts": "64e55237cb4410e17d968cd08975566059f27638ebb0b86048031b987ba251c4",
    "https://deno.land/x/zod@v3.22.4/types.ts": "724185522fafe43ee56a52333958764c8c8cd6ad4effa27b42651df873fc151e",
    "https://esm.sh/@supabase/supabase-js@2.38.5": "18ba2c76504bd983e60186bc902a39f7d122d2b7ec4e28eaf88720c0bc26057c",
    "https://esm.sh/v135/@supabase/functions-js@2.1.5/denonext/functions-js.mjs": "739affd2df20c1affd91991c3731c2537d270b82be5cdbd926c43be40eb2fdc5",
    "https://esm.sh/v135/@supabase/gotrue-js@2.57.0/denonext/gotrue-js.mjs": "a4e6768643628fc5445683f4f58090ea5b65c51c3abb165dc0a385cf8eae2121",
    "https://esm.sh/v135/@supabase/node-fetch@2.6.14/denonext/node-fetch.mjs": "23a71af3512da67a8757ab1e2356fa22565758444ea1fc08e0de0e8d4625e8aa",
    "https://esm.sh/v135/@supabase/postgrest-js@1.8.6/denonext/postgrest-js.mjs": "8fe47eccb62b420fdf009b6aa4cb1df97f86c1c8d0f00d3f47634302d26b7f8d",
    "https://esm.sh/v135/@supabase/realtime-js@2.8.4/denonext/realtime-js.mjs": "9f8af6f82b095b1b1d336a92c4ff8519a5b7f783a1e09eab005114b983cafd5d",
    "https://esm.sh/v135/@supabase/storage-js@2.5.4/denonext/storage-js.mjs": "dff68679fb795ec7e157b8f51cb0b8c544d6c3d57ecc093f5b15eb909439efcd",
    "https://esm.sh/v135/@supabase/supabase-js@2.38.5/denonext/supabase-js.mjs": "02285942663267e951dff5110f49bbf17479198e0bfa0e5f723567327f4c535d",
    "https://esm.sh/v135/es5-ext@0.10.62/denonext/global.js": "2f51d9acef1f761faaa542da919b3c747744ea29fe709d0a904fd531716a93d6",
    "https://esm.sh/v135/websocket@1.0.34/denonext/websocket.mjs": "dfe5d62007e9f7430d561e2376fe47caa9d04cb016d83d3386fcc2206a90296b"
  }
}
